
Microsoft Visual Studio Solution File, Format Version 12.00
# Visual Studio 15
VisualStudioVersion = 15.0.26430.16
MinimumVisualStudioVersion = 10.0.40219.1
Project("{FAE04EC0-301F-11D3-BF4B-00C04F79EFBC}") = "Lab001_M1_L1", "Lab001_M1_L1\Lab001_M1_L1.csproj", "{4357F978-D738-4B57-9C1A-5711B4548D06}"
EndProject
Project("{9A19103F-16F7-4668-BE54-9A1E7A4F7556}") = "Lab002_M2_L2_BLL", "Lab002_M2_L2_BLL\Lab002_M2_L2_BLL.csproj", "{BFF55215-3E1C-4B4A-8275-AD2D11901B4C}"
EndProject
Project("{9A19103F-16F7-4668-BE54-9A1E7A4F7556}") = "Lab002_M2_L2_SAL", "Lab002_M2_L2_SAL\Lab002_M2_L2_SAL.csproj", "{BCC22592-2C9C-4CCB-B255-00A062D3BDE6}"
EndProject
Project("{9A19103F-16F7-4668-BE54-9A1E7A4F7556}") = "Lab002_M2_L2_DAL", "Lab002_M2_L2_DAL\Lab002_M2_L2_DAL.csproj", "{DD2E1409-099A-4A34-90E7-62535E718CE7}"
EndProject
Project("{FAE04EC0-301F-11D3-BF4B-00C04F79EFBC}") = "Lab002_M2_L2_iOSApp", "Lab002_M2_L2_iOSApp\Lab002_M2_L2_iOSApp.csproj", "{60280EDE-22DC-4873-B58A-B30A8F0AF4F5}"
EndProject
Project("{FAE04EC0-301F-11D3-BF4B-00C04F79EFBC}") = "Lab002_M2_L2_AndroidApp", "Lab002_M2_L2_AndroidApp\Lab002_M2_L2_AndroidApp.csproj", "{E3ECB4DF-4748-4D76-9B40-F5E9F668A2F5}"
EndProject
Project("{D954291E-2A0B-460D-934E-DC6B0785DB48}") = "Lab003_M2_L3_SharedProject", "Lab003_M2_L3_SharedProject\Lab003_M2_L3_SharedProject.shproj", "{937112E7-695E-45C6-9A6C-F8DBB8839F59}"
EndProject
Project("{FAE04EC0-301F-11D3-BF4B-00C04F79EFBC}") = "Lab003_M2_L3_AndroidApp", "Lab003_M2_L3_AndroidApp\Lab003_M2_L3_AndroidApp.csproj", "{2B0B019B-5F05-4603-AFF5-A9D95E42831B}"
EndProject
Project("{FAE04EC0-301F-11D3-BF4B-00C04F79EFBC}") = "Lab003_M2_L3_UWPApp", "Lab003_M2_L3_UWPApp\Lab003_M2_L3_UWPApp.csproj", "{E120EBC9-740C-44B4-876B-FBA57BBB4694}"
EndProject
Project("{FAE04EC0-301F-11D3-BF4B-00C04F79EFBC}") = "Lab003_M2_L3_WPFApp_Extra", "Lab003_M2_L3_WPFApp_Extra\Lab003_M2_L3_WPFApp_Extra.csproj", "{89638605-8C9A-416E-BA0D-1E9C25ECE68B}"
EndProject
Project("{FAE04EC0-301F-11D3-BF4B-00C04F79EFBC}") = "Lab004_M2_L3_PCLProyect", "Lab004_M2_L3_PCLProyect\Lab004_M2_L3_PCLProyect.csproj", "{DE12B6A8-2F9B-4238-A503-F30075DD534B}"
EndProject
Project("{FAE04EC0-301F-11D3-BF4B-00C04F79EFBC}") = "Lab004_M2_L3_AndroidApp", "Lab004_M2_L3_AndroidApp\Lab004_M2_L3_AndroidApp.csproj", "{8614D38D-BAA4-4EFC-8823-32816350EAFF}"
EndProject
Project("{FAE04EC0-301F-11D3-BF4B-00C04F79EFBC}") = "Lab005_M3_L1_PhoneApp", "Lab005_M3_L1_PhoneApp\Lab005_M3_L1_PhoneApp.csproj", "{E8F1641D-77E6-4681-8D98-87F5DB70ACA2}"
EndProject
Project("{FAE04EC0-301F-11D3-BF4B-00C04F79EFBC}") = "Lab004_M2_L3_UWPApp", "Lab004_M2_L3_UWPApp\Lab004_M2_L3_UWPApp.csproj", "{9388D3A3-CC00-42D0-A4ED-214BD000C0C3}"
EndProject
Global
	GlobalSection(SharedMSBuildProjectFiles) = preSolution
		Lab003_M2_L3_SharedProject\Lab003_M2_L3_SharedProject.projitems*{2b0b019b-5f05-4603-aff5-a9d95e42831b}*SharedItemsImports = 4
		Lab003_M2_L3_SharedProject\Lab003_M2_L3_SharedProject.projitems*{89638605-8c9a-416e-ba0d-1e9c25ece68b}*SharedItemsImports = 4
		Lab003_M2_L3_SharedProject\Lab003_M2_L3_SharedProject.projitems*{937112e7-695e-45c6-9a6c-f8dbb8839f59}*SharedItemsImports = 13
		Lab003_M2_L3_SharedProject\Lab003_M2_L3_SharedProject.projitems*{e120ebc9-740c-44b4-876b-fba57bbb4694}*SharedItemsImports = 4
	EndGlobalSection
	GlobalSection(SolutionConfigurationPlatforms) = preSolution
		Ad-Hoc|Any CPU = Ad-Hoc|Any CPU
		Ad-Hoc|ARM = Ad-Hoc|ARM
		Ad-Hoc|iPhone = Ad-Hoc|iPhone
		Ad-Hoc|iPhoneSimulator = Ad-Hoc|iPhoneSimulator
		Ad-Hoc|x64 = Ad-Hoc|x64
		Ad-Hoc|x86 = Ad-Hoc|x86
		AppStore|Any CPU = AppStore|Any CPU
		AppStore|ARM = AppStore|ARM
		AppStore|iPhone = AppStore|iPhone
		AppStore|iPhoneSimulator = AppStore|iPhoneSimulator
		AppStore|x64 = AppStore|x64
		AppStore|x86 = AppStore|x86
		Debug|Any CPU = Debug|Any CPU
		Debug|ARM = Debug|ARM
		Debug|iPhone = Debug|iPhone
		Debug|iPhoneSimulator = Debug|iPhoneSimulator
		Debug|x64 = Debug|x64
		Debug|x86 = Debug|x86
		Release|Any CPU = Release|Any CPU
		Release|ARM = Release|ARM
		Release|iPhone = Release|iPhone
		Release|iPhoneSimulator = Release|iPhoneSimulator
		Release|x64 = Release|x64
		Release|x86 = Release|x86
	EndGlobalSection
	GlobalSection(ProjectConfigurationPlatforms) = postSolution
		{4357F978-D738-4B57-9C1A-5711B4548D06}.Ad-Hoc|Any CPU.ActiveCfg = Release|Any CPU
		{4357F978-D738-4B57-9C1A-5711B4548D06}.Ad-Hoc|Any CPU.Build.0 = Release|Any CPU
		{4357F978-D738-4B57-9C1A-5711B4548D06}.Ad-Hoc|Any CPU.Deploy.0 = Release|Any CPU
		{4357F978-D738-4B57-9C1A-5711B4548D06}.Ad-Hoc|ARM.ActiveCfg = Debug|Any CPU
		{4357F978-D738-4B57-9C1A-5711B4548D06}.Ad-Hoc|ARM.Build.0 = Debug|Any CPU
		{4357F978-D738-4B57-9C1A-5711B4548D06}.Ad-Hoc|ARM.Deploy.0 = Debug|Any CPU
		{4357F978-D738-4B57-9C1A-5711B4548D06}.Ad-Hoc|iPhone.ActiveCfg = Release|Any CPU
		{4357F978-D738-4B57-9C1A-5711B4548D06}.Ad-Hoc|iPhone.Build.0 = Release|Any CPU
		{4357F978-D738-4B57-9C1A-5711B4548D06}.Ad-Hoc|iPhone.Deploy.0 = Release|Any CPU
		{4357F978-D738-4B57-9C1A-5711B4548D06}.Ad-Hoc|iPhoneSimulator.ActiveCfg = Release|Any CPU
		{4357F978-D738-4B57-9C1A-5711B4548D06}.Ad-Hoc|iPhoneSimulator.Build.0 = Release|Any CPU
		{4357F978-D738-4B57-9C1A-5711B4548D06}.Ad-Hoc|iPhoneSimulator.Deploy.0 = Release|Any CPU
		{4357F978-D738-4B57-9C1A-5711B4548D06}.Ad-Hoc|x64.ActiveCfg = Debug|Any CPU
		{4357F978-D738-4B57-9C1A-5711B4548D06}.Ad-Hoc|x64.Build.0 = Debug|Any CPU
		{4357F978-D738-4B57-9C1A-5711B4548D06}.Ad-Hoc|x64.Deploy.0 = Debug|Any CPU
		{4357F978-D738-4B57-9C1A-5711B4548D06}.Ad-Hoc|x86.ActiveCfg = Debug|Any CPU
		{4357F978-D738-4B57-9C1A-5711B4548D06}.Ad-Hoc|x86.Build.0 = Debug|Any CPU
		{4357F978-D738-4B57-9C1A-5711B4548D06}.Ad-Hoc|x86.Deploy.0 = Debug|Any CPU
		{4357F978-D738-4B57-9C1A-5711B4548D06}.AppStore|Any CPU.ActiveCfg = Release|Any CPU
		{4357F978-D738-4B57-9C1A-5711B4548D06}.AppStore|Any CPU.Build.0 = Release|Any CPU
		{4357F978-D738-4B57-9C1A-5711B4548D06}.AppStore|Any CPU.Deploy.0 = Release|Any CPU
		{4357F978-D738-4B57-9C1A-5711B4548D06}.AppStore|ARM.ActiveCfg = Debug|Any CPU
		{4357F978-D738-4B57-9C1A-5711B4548D06}.AppStore|ARM.Build.0 = Debug|Any CPU
		{4357F978-D738-4B57-9C1A-5711B4548D06}.AppStore|ARM.Deploy.0 = Debug|Any CPU
		{4357F978-D738-4B57-9C1A-5711B4548D06}.AppStore|iPhone.ActiveCfg = Release|Any CPU
		{4357F978-D738-4B57-9C1A-5711B4548D06}.AppStore|iPhone.Build.0 = Release|Any CPU
		{4357F978-D738-4B57-9C1A-5711B4548D06}.AppStore|iPhone.Deploy.0 = Release|Any CPU
		{4357F978-D738-4B57-9C1A-5711B4548D06}.AppStore|iPhoneSimulator.ActiveCfg = Release|Any CPU
		{4357F978-D738-4B57-9C1A-5711B4548D06}.AppStore|iPhoneSimulator.Build.0 = Release|Any CPU
		{4357F978-D738-4B57-9C1A-5711B4548D06}.AppStore|iPhoneSimulator.Deploy.0 = Release|Any CPU
		{4357F978-D738-4B57-9C1A-5711B4548D06}.AppStore|x64.ActiveCfg = Debug|Any CPU
		{4357F978-D738-4B57-9C1A-5711B4548D06}.AppStore|x64.Build.0 = Debug|Any CPU
		{4357F978-D738-4B57-9C1A-5711B4548D06}.AppStore|x64.Deploy.0 = Debug|Any CPU
		{4357F978-D738-4B57-9C1A-5711B4548D06}.AppStore|x86.ActiveCfg = Debug|Any CPU
		{4357F978-D738-4B57-9C1A-5711B4548D06}.AppStore|x86.Build.0 = Debug|Any CPU
		{4357F978-D738-4B57-9C1A-5711B4548D06}.AppStore|x86.Deploy.0 = Debug|Any CPU
		{4357F978-D738-4B57-9C1A-5711B4548D06}.Debug|Any CPU.ActiveCfg = Debug|Any CPU
		{4357F978-D738-4B57-9C1A-5711B4548D06}.Debug|Any CPU.Build.0 = Debug|Any CPU
		{4357F978-D738-4B57-9C1A-5711B4548D06}.Debug|Any CPU.Deploy.0 = Debug|Any CPU
		{4357F978-D738-4B57-9C1A-5711B4548D06}.Debug|ARM.ActiveCfg = Debug|Any CPU
		{4357F978-D738-4B57-9C1A-5711B4548D06}.Debug|ARM.Build.0 = Debug|Any CPU
		{4357F978-D738-4B57-9C1A-5711B4548D06}.Debug|ARM.Deploy.0 = Debug|Any CPU
		{4357F978-D738-4B57-9C1A-5711B4548D06}.Debug|iPhone.ActiveCfg = Debug|Any CPU
		{4357F978-D738-4B57-9C1A-5711B4548D06}.Debug|iPhone.Build.0 = Debug|Any CPU
		{4357F978-D738-4B57-9C1A-5711B4548D06}.Debug|iPhone.Deploy.0 = Debug|Any CPU
		{4357F978-D738-4B57-9C1A-5711B4548D06}.Debug|iPhoneSimulator.ActiveCfg = Debug|Any CPU
		{4357F978-D738-4B57-9C1A-5711B4548D06}.Debug|iPhoneSimulator.Build.0 = Debug|Any CPU
		{4357F978-D738-4B57-9C1A-5711B4548D06}.Debug|iPhoneSimulator.Deploy.0 = Debug|Any CPU
		{4357F978-D738-4B57-9C1A-5711B4548D06}.Debug|x64.ActiveCfg = Debug|Any CPU
		{4357F978-D738-4B57-9C1A-5711B4548D06}.Debug|x64.Build.0 = Debug|Any CPU
		{4357F978-D738-4B57-9C1A-5711B4548D06}.Debug|x64.Deploy.0 = Debug|Any CPU
		{4357F978-D738-4B57-9C1A-5711B4548D06}.Debug|x86.ActiveCfg = Debug|Any CPU
		{4357F978-D738-4B57-9C1A-5711B4548D06}.Debug|x86.Build.0 = Debug|Any CPU
		{4357F978-D738-4B57-9C1A-5711B4548D06}.Debug|x86.Deploy.0 = Debug|Any CPU
		{4357F978-D738-4B57-9C1A-5711B4548D06}.Release|Any CPU.ActiveCfg = Release|Any CPU
		{4357F978-D738-4B57-9C1A-5711B4548D06}.Release|Any CPU.Build.0 = Release|Any CPU
		{4357F978-D738-4B57-9C1A-5711B4548D06}.Release|Any CPU.Deploy.0 = Release|Any CPU
		{4357F978-D738-4B57-9C1A-5711B4548D06}.Release|ARM.ActiveCfg = Release|Any CPU
		{4357F978-D738-4B57-9C1A-5711B4548D06}.Release|ARM.Build.0 = Release|Any CPU
		{4357F978-D738-4B57-9C1A-5711B4548D06}.Release|ARM.Deploy.0 = Release|Any CPU
		{4357F978-D738-4B57-9C1A-5711B4548D06}.Release|iPhone.ActiveCfg = Release|Any CPU
		{4357F978-D738-4B57-9C1A-5711B4548D06}.Release|iPhone.Build.0 = Release|Any CPU
		{4357F978-D738-4B57-9C1A-5711B4548D06}.Release|iPhone.Deploy.0 = Release|Any CPU
		{4357F978-D738-4B57-9C1A-5711B4548D06}.Release|iPhoneSimulator.ActiveCfg = Release|Any CPU
		{4357F978-D738-4B57-9C1A-5711B4548D06}.Release|iPhoneSimulator.Build.0 = Release|Any CPU
		{4357F978-D738-4B57-9C1A-5711B4548D06}.Release|iPhoneSimulator.Deploy.0 = Release|Any CPU
		{4357F978-D738-4B57-9C1A-5711B4548D06}.Release|x64.ActiveCfg = Release|Any CPU
		{4357F978-D738-4B57-9C1A-5711B4548D06}.Release|x64.Build.0 = Release|Any CPU
		{4357F978-D738-4B57-9C1A-5711B4548D06}.Release|x64.Deploy.0 = Release|Any CPU
		{4357F978-D738-4B57-9C1A-5711B4548D06}.Release|x86.ActiveCfg = Release|Any CPU
		{4357F978-D738-4B57-9C1A-5711B4548D06}.Release|x86.Build.0 = Release|Any CPU
		{4357F978-D738-4B57-9C1A-5711B4548D06}.Release|x86.Deploy.0 = Release|Any CPU
		{BFF55215-3E1C-4B4A-8275-AD2D11901B4C}.Ad-Hoc|Any CPU.ActiveCfg = Debug|Any CPU
		{BFF55215-3E1C-4B4A-8275-AD2D11901B4C}.Ad-Hoc|Any CPU.Build.0 = Debug|Any CPU
		{BFF55215-3E1C-4B4A-8275-AD2D11901B4C}.Ad-Hoc|ARM.ActiveCfg = Release|Any CPU
		{BFF55215-3E1C-4B4A-8275-AD2D11901B4C}.Ad-Hoc|ARM.Build.0 = Release|Any CPU
		{BFF55215-3E1C-4B4A-8275-AD2D11901B4C}.Ad-Hoc|iPhone.ActiveCfg = Debug|Any CPU
		{BFF55215-3E1C-4B4A-8275-AD2D11901B4C}.Ad-Hoc|iPhone.Build.0 = Debug|Any CPU
		{BFF55215-3E1C-4B4A-8275-AD2D11901B4C}.Ad-Hoc|iPhoneSimulator.ActiveCfg = Debug|Any CPU
		{BFF55215-3E1C-4B4A-8275-AD2D11901B4C}.Ad-Hoc|iPhoneSimulator.Build.0 = Debug|Any CPU
		{BFF55215-3E1C-4B4A-8275-AD2D11901B4C}.Ad-Hoc|x64.ActiveCfg = Release|Any CPU
		{BFF55215-3E1C-4B4A-8275-AD2D11901B4C}.Ad-Hoc|x64.Build.0 = Release|Any CPU
		{BFF55215-3E1C-4B4A-8275-AD2D11901B4C}.Ad-Hoc|x86.ActiveCfg = Release|Any CPU
		{BFF55215-3E1C-4B4A-8275-AD2D11901B4C}.Ad-Hoc|x86.Build.0 = Release|Any CPU
		{BFF55215-3E1C-4B4A-8275-AD2D11901B4C}.AppStore|Any CPU.ActiveCfg = Debug|Any CPU
		{BFF55215-3E1C-4B4A-8275-AD2D11901B4C}.AppStore|Any CPU.Build.0 = Debug|Any CPU
		{BFF55215-3E1C-4B4A-8275-AD2D11901B4C}.AppStore|ARM.ActiveCfg = Release|Any CPU
		{BFF55215-3E1C-4B4A-8275-AD2D11901B4C}.AppStore|ARM.Build.0 = Release|Any CPU
		{BFF55215-3E1C-4B4A-8275-AD2D11901B4C}.AppStore|iPhone.ActiveCfg = Debug|Any CPU
		{BFF55215-3E1C-4B4A-8275-AD2D11901B4C}.AppStore|iPhone.Build.0 = Debug|Any CPU
		{BFF55215-3E1C-4B4A-8275-AD2D11901B4C}.AppStore|iPhoneSimulator.ActiveCfg = Debug|Any CPU
		{BFF55215-3E1C-4B4A-8275-AD2D11901B4C}.AppStore|iPhoneSimulator.Build.0 = Debug|Any CPU
		{BFF55215-3E1C-4B4A-8275-AD2D11901B4C}.AppStore|x64.ActiveCfg = Release|Any CPU
		{BFF55215-3E1C-4B4A-8275-AD2D11901B4C}.AppStore|x64.Build.0 = Release|Any CPU
		{BFF55215-3E1C-4B4A-8275-AD2D11901B4C}.AppStore|x86.ActiveCfg = Release|Any CPU
		{BFF55215-3E1C-4B4A-8275-AD2D11901B4C}.AppStore|x86.Build.0 = Release|Any CPU
		{BFF55215-3E1C-4B4A-8275-AD2D11901B4C}.Debug|Any CPU.ActiveCfg = Debug|Any CPU
		{BFF55215-3E1C-4B4A-8275-AD2D11901B4C}.Debug|Any CPU.Build.0 = Debug|Any CPU
		{BFF55215-3E1C-4B4A-8275-AD2D11901B4C}.Debug|ARM.ActiveCfg = Debug|Any CPU
		{BFF55215-3E1C-4B4A-8275-AD2D11901B4C}.Debug|ARM.Build.0 = Debug|Any CPU
		{BFF55215-3E1C-4B4A-8275-AD2D11901B4C}.Debug|iPhone.ActiveCfg = Debug|Any CPU
		{BFF55215-3E1C-4B4A-8275-AD2D11901B4C}.Debug|iPhone.Build.0 = Debug|Any CPU
		{BFF55215-3E1C-4B4A-8275-AD2D11901B4C}.Debug|iPhoneSimulator.ActiveCfg = Debug|Any CPU
		{BFF55215-3E1C-4B4A-8275-AD2D11901B4C}.Debug|iPhoneSimulator.Build.0 = Debug|Any CPU
		{BFF55215-3E1C-4B4A-8275-AD2D11901B4C}.Debug|x64.ActiveCfg = Debug|Any CPU
		{BFF55215-3E1C-4B4A-8275-AD2D11901B4C}.Debug|x64.Build.0 = Debug|Any CPU
		{BFF55215-3E1C-4B4A-8275-AD2D11901B4C}.Debug|x86.ActiveCfg = Debug|Any CPU
		{BFF55215-3E1C-4B4A-8275-AD2D11901B4C}.Debug|x86.Build.0 = Debug|Any CPU
		{BFF55215-3E1C-4B4A-8275-AD2D11901B4C}.Release|Any CPU.ActiveCfg = Release|Any CPU
		{BFF55215-3E1C-4B4A-8275-AD2D11901B4C}.Release|Any CPU.Build.0 = Release|Any CPU
		{BFF55215-3E1C-4B4A-8275-AD2D11901B4C}.Release|ARM.ActiveCfg = Release|Any CPU
		{BFF55215-3E1C-4B4A-8275-AD2D11901B4C}.Release|ARM.Build.0 = Release|Any CPU
		{BFF55215-3E1C-4B4A-8275-AD2D11901B4C}.Release|iPhone.ActiveCfg = Release|Any CPU
		{BFF55215-3E1C-4B4A-8275-AD2D11901B4C}.Release|iPhone.Build.0 = Release|Any CPU
		{BFF55215-3E1C-4B4A-8275-AD2D11901B4C}.Release|iPhoneSimulator.ActiveCfg = Release|Any CPU
		{BFF55215-3E1C-4B4A-8275-AD2D11901B4C}.Release|iPhoneSimulator.Build.0 = Release|Any CPU
		{BFF55215-3E1C-4B4A-8275-AD2D11901B4C}.Release|x64.ActiveCfg = Release|Any CPU
		{BFF55215-3E1C-4B4A-8275-AD2D11901B4C}.Release|x64.Build.0 = Release|Any CPU
		{BFF55215-3E1C-4B4A-8275-AD2D11901B4C}.Release|x86.ActiveCfg = Release|Any CPU
		{BFF55215-3E1C-4B4A-8275-AD2D11901B4C}.Release|x86.Build.0 = Release|Any CPU
		{BCC22592-2C9C-4CCB-B255-00A062D3BDE6}.Ad-Hoc|Any CPU.ActiveCfg = Debug|Any CPU
		{BCC22592-2C9C-4CCB-B255-00A062D3BDE6}.Ad-Hoc|Any CPU.Build.0 = Debug|Any CPU
		{BCC22592-2C9C-4CCB-B255-00A062D3BDE6}.Ad-Hoc|ARM.ActiveCfg = Release|Any CPU
		{BCC22592-2C9C-4CCB-B255-00A062D3BDE6}.Ad-Hoc|ARM.Build.0 = Release|Any CPU
		{BCC22592-2C9C-4CCB-B255-00A062D3BDE6}.Ad-Hoc|iPhone.ActiveCfg = Debug|Any CPU
		{BCC22592-2C9C-4CCB-B255-00A062D3BDE6}.Ad-Hoc|iPhone.Build.0 = Debug|Any CPU
		{BCC22592-2C9C-4CCB-B255-00A062D3BDE6}.Ad-Hoc|iPhoneSimulator.ActiveCfg = Debug|Any CPU
		{BCC22592-2C9C-4CCB-B255-00A062D3BDE6}.Ad-Hoc|iPhoneSimulator.Build.0 = Debug|Any CPU
		{BCC22592-2C9C-4CCB-B255-00A062D3BDE6}.Ad-Hoc|x64.ActiveCfg = Release|Any CPU
		{BCC22592-2C9C-4CCB-B255-00A062D3BDE6}.Ad-Hoc|x64.Build.0 = Release|Any CPU
		{BCC22592-2C9C-4CCB-B255-00A062D3BDE6}.Ad-Hoc|x86.ActiveCfg = Release|Any CPU
		{BCC22592-2C9C-4CCB-B255-00A062D3BDE6}.Ad-Hoc|x86.Build.0 = Release|Any CPU
		{BCC22592-2C9C-4CCB-B255-00A062D3BDE6}.AppStore|Any CPU.ActiveCfg = Debug|Any CPU
		{BCC22592-2C9C-4CCB-B255-00A062D3BDE6}.AppStore|Any CPU.Build.0 = Debug|Any CPU
		{BCC22592-2C9C-4CCB-B255-00A062D3BDE6}.AppStore|ARM.ActiveCfg = Release|Any CPU
		{BCC22592-2C9C-4CCB-B255-00A062D3BDE6}.AppStore|ARM.Build.0 = Release|Any CPU
		{BCC22592-2C9C-4CCB-B255-00A062D3BDE6}.AppStore|iPhone.ActiveCfg = Debug|Any CPU
		{BCC22592-2C9C-4CCB-B255-00A062D3BDE6}.AppStore|iPhone.Build.0 = Debug|Any CPU
		{BCC22592-2C9C-4CCB-B255-00A062D3BDE6}.AppStore|iPhoneSimulator.ActiveCfg = Debug|Any CPU
		{BCC22592-2C9C-4CCB-B255-00A062D3BDE6}.AppStore|iPhoneSimulator.Build.0 = Debug|Any CPU
		{BCC22592-2C9C-4CCB-B255-00A062D3BDE6}.AppStore|x64.ActiveCfg = Release|Any CPU
		{BCC22592-2C9C-4CCB-B255-00A062D3BDE6}.AppStore|x64.Build.0 = Release|Any CPU
		{BCC22592-2C9C-4CCB-B255-00A062D3BDE6}.AppStore|x86.ActiveCfg = Release|Any CPU
		{BCC22592-2C9C-4CCB-B255-00A062D3BDE6}.AppStore|x86.Build.0 = Release|Any CPU
		{BCC22592-2C9C-4CCB-B255-00A062D3BDE6}.Debug|Any CPU.ActiveCfg = Debug|Any CPU
		{BCC22592-2C9C-4CCB-B255-00A062D3BDE6}.Debug|Any CPU.Build.0 = Debug|Any CPU
		{BCC22592-2C9C-4CCB-B255-00A062D3BDE6}.Debug|ARM.ActiveCfg = Debug|Any CPU
		{BCC22592-2C9C-4CCB-B255-00A062D3BDE6}.Debug|ARM.Build.0 = Debug|Any CPU
		{BCC22592-2C9C-4CCB-B255-00A062D3BDE6}.Debug|iPhone.ActiveCfg = Debug|Any CPU
		{BCC22592-2C9C-4CCB-B255-00A062D3BDE6}.Debug|iPhone.Build.0 = Debug|Any CPU
		{BCC22592-2C9C-4CCB-B255-00A062D3BDE6}.Debug|iPhoneSimulator.ActiveCfg = Debug|Any CPU
		{BCC22592-2C9C-4CCB-B255-00A062D3BDE6}.Debug|iPhoneSimulator.Build.0 = Debug|Any CPU
		{BCC22592-2C9C-4CCB-B255-00A062D3BDE6}.Debug|x64.ActiveCfg = Debug|Any CPU
		{BCC22592-2C9C-4CCB-B255-00A062D3BDE6}.Debug|x64.Build.0 = Debug|Any CPU
		{BCC22592-2C9C-4CCB-B255-00A062D3BDE6}.Debug|x86.ActiveCfg = Debug|Any CPU
		{BCC22592-2C9C-4CCB-B255-00A062D3BDE6}.Debug|x86.Build.0 = Debug|Any CPU
		{BCC22592-2C9C-4CCB-B255-00A062D3BDE6}.Release|Any CPU.ActiveCfg = Release|Any CPU
		{BCC22592-2C9C-4CCB-B255-00A062D3BDE6}.Release|Any CPU.Build.0 = Release|Any CPU
		{BCC22592-2C9C-4CCB-B255-00A062D3BDE6}.Release|ARM.ActiveCfg = Release|Any CPU
		{BCC22592-2C9C-4CCB-B255-00A062D3BDE6}.Release|ARM.Build.0 = Release|Any CPU
		{BCC22592-2C9C-4CCB-B255-00A062D3BDE6}.Release|iPhone.ActiveCfg = Release|Any CPU
		{BCC22592-2C9C-4CCB-B255-00A062D3BDE6}.Release|iPhone.Build.0 = Release|Any CPU
		{BCC22592-2C9C-4CCB-B255-00A062D3BDE6}.Release|iPhoneSimulator.ActiveCfg = Release|Any CPU
		{BCC22592-2C9C-4CCB-B255-00A062D3BDE6}.Release|iPhoneSimulator.Build.0 = Release|Any CPU
		{BCC22592-2C9C-4CCB-B255-00A062D3BDE6}.Release|x64.ActiveCfg = Release|Any CPU
		{BCC22592-2C9C-4CCB-B255-00A062D3BDE6}.Release|x64.Build.0 = Release|Any CPU
		{BCC22592-2C9C-4CCB-B255-00A062D3BDE6}.Release|x86.ActiveCfg = Release|Any CPU
		{BCC22592-2C9C-4CCB-B255-00A062D3BDE6}.Release|x86.Build.0 = Release|Any CPU
		{DD2E1409-099A-4A34-90E7-62535E718CE7}.Ad-Hoc|Any CPU.ActiveCfg = Debug|Any CPU
		{DD2E1409-099A-4A34-90E7-62535E718CE7}.Ad-Hoc|Any CPU.Build.0 = Debug|Any CPU
		{DD2E1409-099A-4A34-90E7-62535E718CE7}.Ad-Hoc|ARM.ActiveCfg = Release|Any CPU
		{DD2E1409-099A-4A34-90E7-62535E718CE7}.Ad-Hoc|ARM.Build.0 = Release|Any CPU
		{DD2E1409-099A-4A34-90E7-62535E718CE7}.Ad-Hoc|iPhone.ActiveCfg = Debug|Any CPU
		{DD2E1409-099A-4A34-90E7-62535E718CE7}.Ad-Hoc|iPhone.Build.0 = Debug|Any CPU
		{DD2E1409-099A-4A34-90E7-62535E718CE7}.Ad-Hoc|iPhoneSimulator.ActiveCfg = Debug|Any CPU
		{DD2E1409-099A-4A34-90E7-62535E718CE7}.Ad-Hoc|iPhoneSimulator.Build.0 = Debug|Any CPU
		{DD2E1409-099A-4A34-90E7-62535E718CE7}.Ad-Hoc|x64.ActiveCfg = Release|Any CPU
		{DD2E1409-099A-4A34-90E7-62535E718CE7}.Ad-Hoc|x64.Build.0 = Release|Any CPU
		{DD2E1409-099A-4A34-90E7-62535E718CE7}.Ad-Hoc|x86.ActiveCfg = Release|Any CPU
		{DD2E1409-099A-4A34-90E7-62535E718CE7}.Ad-Hoc|x86.Build.0 = Release|Any CPU
		{DD2E1409-099A-4A34-90E7-62535E718CE7}.AppStore|Any CPU.ActiveCfg = Debug|Any CPU
		{DD2E1409-099A-4A34-90E7-62535E718CE7}.AppStore|Any CPU.Build.0 = Debug|Any CPU
		{DD2E1409-099A-4A34-90E7-62535E718CE7}.AppStore|ARM.ActiveCfg = Release|Any CPU
		{DD2E1409-099A-4A34-90E7-62535E718CE7}.AppStore|ARM.Build.0 = Release|Any CPU
		{DD2E1409-099A-4A34-90E7-62535E718CE7}.AppStore|iPhone.ActiveCfg = Debug|Any CPU
		{DD2E1409-099A-4A34-90E7-62535E718CE7}.AppStore|iPhone.Build.0 = Debug|Any CPU
		{DD2E1409-099A-4A34-90E7-62535E718CE7}.AppStore|iPhoneSimulator.ActiveCfg = Debug|Any CPU
		{DD2E1409-099A-4A34-90E7-62535E718CE7}.AppStore|iPhoneSimulator.Build.0 = Debug|Any CPU
		{DD2E1409-099A-4A34-90E7-62535E718CE7}.AppStore|x64.ActiveCfg = Release|Any CPU
		{DD2E1409-099A-4A34-90E7-62535E718CE7}.AppStore|x64.Build.0 = Release|Any CPU
		{DD2E1409-099A-4A34-90E7-62535E718CE7}.AppStore|x86.ActiveCfg = Release|Any CPU
		{DD2E1409-099A-4A34-90E7-62535E718CE7}.AppStore|x86.Build.0 = Release|Any CPU
		{DD2E1409-099A-4A34-90E7-62535E718CE7}.Debug|Any CPU.ActiveCfg = Debug|Any CPU
		{DD2E1409-099A-4A34-90E7-62535E718CE7}.Debug|Any CPU.Build.0 = Debug|Any CPU
		{DD2E1409-099A-4A34-90E7-62535E718CE7}.Debug|ARM.ActiveCfg = Debug|Any CPU
		{DD2E1409-099A-4A34-90E7-62535E718CE7}.Debug|ARM.Build.0 = Debug|Any CPU
		{DD2E1409-099A-4A34-90E7-62535E718CE7}.Debug|iPhone.ActiveCfg = Debug|Any CPU
		{DD2E1409-099A-4A34-90E7-62535E718CE7}.Debug|iPhone.Build.0 = Debug|Any CPU
		{DD2E1409-099A-4A34-90E7-62535E718CE7}.Debug|iPhoneSimulator.ActiveCfg = Debug|Any CPU
		{DD2E1409-099A-4A34-90E7-62535E718CE7}.Debug|iPhoneSimulator.Build.0 = Debug|Any CPU
		{DD2E1409-099A-4A34-90E7-62535E718CE7}.Debug|x64.ActiveCfg = Debug|Any CPU
		{DD2E1409-099A-4A34-90E7-62535E718CE7}.Debug|x64.Build.0 = Debug|Any CPU
		{DD2E1409-099A-4A34-90E7-62535E718CE7}.Debug|x86.ActiveCfg = Debug|Any CPU
		{DD2E1409-099A-4A34-90E7-62535E718CE7}.Debug|x86.Build.0 = Debug|Any CPU
		{DD2E1409-099A-4A34-90E7-62535E718CE7}.Release|Any CPU.ActiveCfg = Release|Any CPU
		{DD2E1409-099A-4A34-90E7-62535E718CE7}.Release|Any CPU.Build.0 = Release|Any CPU
		{DD2E1409-099A-4A34-90E7-62535E718CE7}.Release|ARM.ActiveCfg = Release|Any CPU
		{DD2E1409-099A-4A34-90E7-62535E718CE7}.Release|ARM.Build.0 = Release|Any CPU
		{DD2E1409-099A-4A34-90E7-62535E718CE7}.Release|iPhone.ActiveCfg = Release|Any CPU
		{DD2E1409-099A-4A34-90E7-62535E718CE7}.Release|iPhone.Build.0 = Release|Any CPU
		{DD2E1409-099A-4A34-90E7-62535E718CE7}.Release|iPhoneSimulator.ActiveCfg = Release|Any CPU
		{DD2E1409-099A-4A34-90E7-62535E718CE7}.Release|iPhoneSimulator.Build.0 = Release|Any CPU
		{DD2E1409-099A-4A34-90E7-62535E718CE7}.Release|x64.ActiveCfg = Release|Any CPU
		{DD2E1409-099A-4A34-90E7-62535E718CE7}.Release|x64.Build.0 = Release|Any CPU
		{DD2E1409-099A-4A34-90E7-62535E718CE7}.Release|x86.ActiveCfg = Release|Any CPU
		{DD2E1409-099A-4A34-90E7-62535E718CE7}.Release|x86.Build.0 = Release|Any CPU
		{60280EDE-22DC-4873-B58A-B30A8F0AF4F5}.Ad-Hoc|Any CPU.ActiveCfg = Ad-Hoc|iPhone
		{60280EDE-22DC-4873-B58A-B30A8F0AF4F5}.Ad-Hoc|ARM.ActiveCfg = Ad-Hoc|iPhoneSimulator
		{60280EDE-22DC-4873-B58A-B30A8F0AF4F5}.Ad-Hoc|iPhone.ActiveCfg = Ad-Hoc|iPhone
		{60280EDE-22DC-4873-B58A-B30A8F0AF4F5}.Ad-Hoc|iPhone.Build.0 = Ad-Hoc|iPhone
		{60280EDE-22DC-4873-B58A-B30A8F0AF4F5}.Ad-Hoc|iPhoneSimulator.ActiveCfg = Ad-Hoc|iPhoneSimulator
		{60280EDE-22DC-4873-B58A-B30A8F0AF4F5}.Ad-Hoc|iPhoneSimulator.Build.0 = Ad-Hoc|iPhoneSimulator
		{60280EDE-22DC-4873-B58A-B30A8F0AF4F5}.Ad-Hoc|x64.ActiveCfg = Ad-Hoc|iPhoneSimulator
		{60280EDE-22DC-4873-B58A-B30A8F0AF4F5}.Ad-Hoc|x86.ActiveCfg = Ad-Hoc|iPhoneSimulator
		{60280EDE-22DC-4873-B58A-B30A8F0AF4F5}.AppStore|Any CPU.ActiveCfg = AppStore|iPhone
		{60280EDE-22DC-4873-B58A-B30A8F0AF4F5}.AppStore|ARM.ActiveCfg = AppStore|iPhoneSimulator
		{60280EDE-22DC-4873-B58A-B30A8F0AF4F5}.AppStore|iPhone.ActiveCfg = AppStore|iPhone
		{60280EDE-22DC-4873-B58A-B30A8F0AF4F5}.AppStore|iPhone.Build.0 = AppStore|iPhone
		{60280EDE-22DC-4873-B58A-B30A8F0AF4F5}.AppStore|iPhoneSimulator.ActiveCfg = AppStore|iPhoneSimulator
		{60280EDE-22DC-4873-B58A-B30A8F0AF4F5}.AppStore|iPhoneSimulator.Build.0 = AppStore|iPhoneSimulator
		{60280EDE-22DC-4873-B58A-B30A8F0AF4F5}.AppStore|x64.ActiveCfg = AppStore|iPhoneSimulator
		{60280EDE-22DC-4873-B58A-B30A8F0AF4F5}.AppStore|x86.ActiveCfg = AppStore|iPhoneSimulator
		{60280EDE-22DC-4873-B58A-B30A8F0AF4F5}.Debug|Any CPU.ActiveCfg = Debug|iPhone
		{60280EDE-22DC-4873-B58A-B30A8F0AF4F5}.Debug|ARM.ActiveCfg = Debug|iPhoneSimulator
		{60280EDE-22DC-4873-B58A-B30A8F0AF4F5}.Debug|iPhone.ActiveCfg = Debug|iPhone
		{60280EDE-22DC-4873-B58A-B30A8F0AF4F5}.Debug|iPhone.Build.0 = Debug|iPhone
		{60280EDE-22DC-4873-B58A-B30A8F0AF4F5}.Debug|iPhoneSimulator.ActiveCfg = Debug|iPhoneSimulator
		{60280EDE-22DC-4873-B58A-B30A8F0AF4F5}.Debug|iPhoneSimulator.Build.0 = Debug|iPhoneSimulator
		{60280EDE-22DC-4873-B58A-B30A8F0AF4F5}.Debug|x64.ActiveCfg = Debug|iPhoneSimulator
		{60280EDE-22DC-4873-B58A-B30A8F0AF4F5}.Debug|x86.ActiveCfg = Debug|iPhoneSimulator
		{60280EDE-22DC-4873-B58A-B30A8F0AF4F5}.Release|Any CPU.ActiveCfg = Release|iPhone
		{60280EDE-22DC-4873-B58A-B30A8F0AF4F5}.Release|ARM.ActiveCfg = Release|iPhoneSimulator
		{60280EDE-22DC-4873-B58A-B30A8F0AF4F5}.Release|iPhone.ActiveCfg = Release|iPhone
		{60280EDE-22DC-4873-B58A-B30A8F0AF4F5}.Release|iPhone.Build.0 = Release|iPhone
		{60280EDE-22DC-4873-B58A-B30A8F0AF4F5}.Release|iPhoneSimulator.ActiveCfg = Release|iPhoneSimulator
		{60280EDE-22DC-4873-B58A-B30A8F0AF4F5}.Release|iPhoneSimulator.Build.0 = Release|iPhoneSimulator
		{60280EDE-22DC-4873-B58A-B30A8F0AF4F5}.Release|x64.ActiveCfg = Release|iPhoneSimulator
		{60280EDE-22DC-4873-B58A-B30A8F0AF4F5}.Release|x86.ActiveCfg = Release|iPhoneSimulator
		{E3ECB4DF-4748-4D76-9B40-F5E9F668A2F5}.Ad-Hoc|Any CPU.ActiveCfg = Release|Any CPU
		{E3ECB4DF-4748-4D76-9B40-F5E9F668A2F5}.Ad-Hoc|Any CPU.Build.0 = Release|Any CPU
		{E3ECB4DF-4748-4D76-9B40-F5E9F668A2F5}.Ad-Hoc|Any CPU.Deploy.0 = Release|Any CPU
		{E3ECB4DF-4748-4D76-9B40-F5E9F668A2F5}.Ad-Hoc|ARM.ActiveCfg = Debug|Any CPU
		{E3ECB4DF-4748-4D76-9B40-F5E9F668A2F5}.Ad-Hoc|ARM.Build.0 = Debug|Any CPU
		{E3ECB4DF-4748-4D76-9B40-F5E9F668A2F5}.Ad-Hoc|ARM.Deploy.0 = Debug|Any CPU
		{E3ECB4DF-4748-4D76-9B40-F5E9F668A2F5}.Ad-Hoc|iPhone.ActiveCfg = Release|Any CPU
		{E3ECB4DF-4748-4D76-9B40-F5E9F668A2F5}.Ad-Hoc|iPhone.Build.0 = Release|Any CPU
		{E3ECB4DF-4748-4D76-9B40-F5E9F668A2F5}.Ad-Hoc|iPhone.Deploy.0 = Release|Any CPU
		{E3ECB4DF-4748-4D76-9B40-F5E9F668A2F5}.Ad-Hoc|iPhoneSimulator.ActiveCfg = Release|Any CPU
		{E3ECB4DF-4748-4D76-9B40-F5E9F668A2F5}.Ad-Hoc|iPhoneSimulator.Build.0 = Release|Any CPU
		{E3ECB4DF-4748-4D76-9B40-F5E9F668A2F5}.Ad-Hoc|iPhoneSimulator.Deploy.0 = Release|Any CPU
		{E3ECB4DF-4748-4D76-9B40-F5E9F668A2F5}.Ad-Hoc|x64.ActiveCfg = Debug|Any CPU
		{E3ECB4DF-4748-4D76-9B40-F5E9F668A2F5}.Ad-Hoc|x64.Build.0 = Debug|Any CPU
		{E3ECB4DF-4748-4D76-9B40-F5E9F668A2F5}.Ad-Hoc|x64.Deploy.0 = Debug|Any CPU
		{E3ECB4DF-4748-4D76-9B40-F5E9F668A2F5}.Ad-Hoc|x86.ActiveCfg = Debug|Any CPU
		{E3ECB4DF-4748-4D76-9B40-F5E9F668A2F5}.Ad-Hoc|x86.Build.0 = Debug|Any CPU
		{E3ECB4DF-4748-4D76-9B40-F5E9F668A2F5}.Ad-Hoc|x86.Deploy.0 = Debug|Any CPU
		{E3ECB4DF-4748-4D76-9B40-F5E9F668A2F5}.AppStore|Any CPU.ActiveCfg = Release|Any CPU
		{E3ECB4DF-4748-4D76-9B40-F5E9F668A2F5}.AppStore|Any CPU.Build.0 = Release|Any CPU
		{E3ECB4DF-4748-4D76-9B40-F5E9F668A2F5}.AppStore|Any CPU.Deploy.0 = Release|Any CPU
		{E3ECB4DF-4748-4D76-9B40-F5E9F668A2F5}.AppStore|ARM.ActiveCfg = Debug|Any CPU
		{E3ECB4DF-4748-4D76-9B40-F5E9F668A2F5}.AppStore|ARM.Build.0 = Debug|Any CPU
		{E3ECB4DF-4748-4D76-9B40-F5E9F668A2F5}.AppStore|ARM.Deploy.0 = Debug|Any CPU
		{E3ECB4DF-4748-4D76-9B40-F5E9F668A2F5}.AppStore|iPhone.ActiveCfg = Release|Any CPU
		{E3ECB4DF-4748-4D76-9B40-F5E9F668A2F5}.AppStore|iPhone.Build.0 = Release|Any CPU
		{E3ECB4DF-4748-4D76-9B40-F5E9F668A2F5}.AppStore|iPhone.Deploy.0 = Release|Any CPU
		{E3ECB4DF-4748-4D76-9B40-F5E9F668A2F5}.AppStore|iPhoneSimulator.ActiveCfg = Release|Any CPU
		{E3ECB4DF-4748-4D76-9B40-F5E9F668A2F5}.AppStore|iPhoneSimulator.Build.0 = Release|Any CPU
		{E3ECB4DF-4748-4D76-9B40-F5E9F668A2F5}.AppStore|iPhoneSimulator.Deploy.0 = Release|Any CPU
		{E3ECB4DF-4748-4D76-9B40-F5E9F668A2F5}.AppStore|x64.ActiveCfg = Debug|Any CPU
		{E3ECB4DF-4748-4D76-9B40-F5E9F668A2F5}.AppStore|x64.Build.0 = Debug|Any CPU
		{E3ECB4DF-4748-4D76-9B40-F5E9F668A2F5}.AppStore|x64.Deploy.0 = Debug|Any CPU
		{E3ECB4DF-4748-4D76-9B40-F5E9F668A2F5}.AppStore|x86.ActiveCfg = Debug|Any CPU
		{E3ECB4DF-4748-4D76-9B40-F5E9F668A2F5}.AppStore|x86.Build.0 = Debug|Any CPU
		{E3ECB4DF-4748-4D76-9B40-F5E9F668A2F5}.AppStore|x86.Deploy.0 = Debug|Any CPU
		{E3ECB4DF-4748-4D76-9B40-F5E9F668A2F5}.Debug|Any CPU.ActiveCfg = Debug|Any CPU
		{E3ECB4DF-4748-4D76-9B40-F5E9F668A2F5}.Debug|Any CPU.Build.0 = Debug|Any CPU
		{E3ECB4DF-4748-4D76-9B40-F5E9F668A2F5}.Debug|Any CPU.Deploy.0 = Debug|Any CPU
		{E3ECB4DF-4748-4D76-9B40-F5E9F668A2F5}.Debug|ARM.ActiveCfg = Debug|Any CPU
		{E3ECB4DF-4748-4D76-9B40-F5E9F668A2F5}.Debug|ARM.Build.0 = Debug|Any CPU
		{E3ECB4DF-4748-4D76-9B40-F5E9F668A2F5}.Debug|ARM.Deploy.0 = Debug|Any CPU
		{E3ECB4DF-4748-4D76-9B40-F5E9F668A2F5}.Debug|iPhone.ActiveCfg = Debug|Any CPU
		{E3ECB4DF-4748-4D76-9B40-F5E9F668A2F5}.Debug|iPhone.Build.0 = Debug|Any CPU
		{E3ECB4DF-4748-4D76-9B40-F5E9F668A2F5}.Debug|iPhone.Deploy.0 = Debug|Any CPU
		{E3ECB4DF-4748-4D76-9B40-F5E9F668A2F5}.Debug|iPhoneSimulator.ActiveCfg = Debug|Any CPU
		{E3ECB4DF-4748-4D76-9B40-F5E9F668A2F5}.Debug|iPhoneSimulator.Build.0 = Debug|Any CPU
		{E3ECB4DF-4748-4D76-9B40-F5E9F668A2F5}.Debug|iPhoneSimulator.Deploy.0 = Debug|Any CPU
		{E3ECB4DF-4748-4D76-9B40-F5E9F668A2F5}.Debug|x64.ActiveCfg = Debug|Any CPU
		{E3ECB4DF-4748-4D76-9B40-F5E9F668A2F5}.Debug|x64.Build.0 = Debug|Any CPU
		{E3ECB4DF-4748-4D76-9B40-F5E9F668A2F5}.Debug|x64.Deploy.0 = Debug|Any CPU
		{E3ECB4DF-4748-4D76-9B40-F5E9F668A2F5}.Debug|x86.ActiveCfg = Debug|Any CPU
		{E3ECB4DF-4748-4D76-9B40-F5E9F668A2F5}.Debug|x86.Build.0 = Debug|Any CPU
		{E3ECB4DF-4748-4D76-9B40-F5E9F668A2F5}.Debug|x86.Deploy.0 = Debug|Any CPU
		{E3ECB4DF-4748-4D76-9B40-F5E9F668A2F5}.Release|Any CPU.ActiveCfg = Release|Any CPU
		{E3ECB4DF-4748-4D76-9B40-F5E9F668A2F5}.Release|Any CPU.Build.0 = Release|Any CPU
		{E3ECB4DF-4748-4D76-9B40-F5E9F668A2F5}.Release|Any CPU.Deploy.0 = Release|Any CPU
		{E3ECB4DF-4748-4D76-9B40-F5E9F668A2F5}.Release|ARM.ActiveCfg = Release|Any CPU
		{E3ECB4DF-4748-4D76-9B40-F5E9F668A2F5}.Release|ARM.Build.0 = Release|Any CPU
		{E3ECB4DF-4748-4D76-9B40-F5E9F668A2F5}.Release|ARM.Deploy.0 = Release|Any CPU
		{E3ECB4DF-4748-4D76-9B40-F5E9F668A2F5}.Release|iPhone.ActiveCfg = Release|Any CPU
		{E3ECB4DF-4748-4D76-9B40-F5E9F668A2F5}.Release|iPhone.Build.0 = Release|Any CPU
		{E3ECB4DF-4748-4D76-9B40-F5E9F668A2F5}.Release|iPhone.Deploy.0 = Release|Any CPU
		{E3ECB4DF-4748-4D76-9B40-F5E9F668A2F5}.Release|iPhoneSimulator.ActiveCfg = Release|Any CPU
		{E3ECB4DF-4748-4D76-9B40-F5E9F668A2F5}.Release|iPhoneSimulator.Build.0 = Release|Any CPU
		{E3ECB4DF-4748-4D76-9B40-F5E9F668A2F5}.Release|iPhoneSimulator.Deploy.0 = Release|Any CPU
		{E3ECB4DF-4748-4D76-9B40-F5E9F668A2F5}.Release|x64.ActiveCfg = Release|Any CPU
		{E3ECB4DF-4748-4D76-9B40-F5E9F668A2F5}.Release|x64.Build.0 = Release|Any CPU
		{E3ECB4DF-4748-4D76-9B40-F5E9F668A2F5}.Release|x64.Deploy.0 = Release|Any CPU
		{E3ECB4DF-4748-4D76-9B40-F5E9F668A2F5}.Release|x86.ActiveCfg = Release|Any CPU
		{E3ECB4DF-4748-4D76-9B40-F5E9F668A2F5}.Release|x86.Build.0 = Release|Any CPU
		{E3ECB4DF-4748-4D76-9B40-F5E9F668A2F5}.Release|x86.Deploy.0 = Release|Any CPU
		{2B0B019B-5F05-4603-AFF5-A9D95E42831B}.Ad-Hoc|Any CPU.ActiveCfg = Release|Any CPU
		{2B0B019B-5F05-4603-AFF5-A9D95E42831B}.Ad-Hoc|Any CPU.Build.0 = Release|Any CPU
		{2B0B019B-5F05-4603-AFF5-A9D95E42831B}.Ad-Hoc|Any CPU.Deploy.0 = Release|Any CPU
		{2B0B019B-5F05-4603-AFF5-A9D95E42831B}.Ad-Hoc|ARM.ActiveCfg = Debug|Any CPU
		{2B0B019B-5F05-4603-AFF5-A9D95E42831B}.Ad-Hoc|ARM.Build.0 = Debug|Any CPU
		{2B0B019B-5F05-4603-AFF5-A9D95E42831B}.Ad-Hoc|ARM.Deploy.0 = Debug|Any CPU
		{2B0B019B-5F05-4603-AFF5-A9D95E42831B}.Ad-Hoc|iPhone.ActiveCfg = Release|Any CPU
		{2B0B019B-5F05-4603-AFF5-A9D95E42831B}.Ad-Hoc|iPhone.Build.0 = Release|Any CPU
		{2B0B019B-5F05-4603-AFF5-A9D95E42831B}.Ad-Hoc|iPhone.Deploy.0 = Release|Any CPU
		{2B0B019B-5F05-4603-AFF5-A9D95E42831B}.Ad-Hoc|iPhoneSimulator.ActiveCfg = Release|Any CPU
		{2B0B019B-5F05-4603-AFF5-A9D95E42831B}.Ad-Hoc|iPhoneSimulator.Build.0 = Release|Any CPU
		{2B0B019B-5F05-4603-AFF5-A9D95E42831B}.Ad-Hoc|iPhoneSimulator.Deploy.0 = Release|Any CPU
		{2B0B019B-5F05-4603-AFF5-A9D95E42831B}.Ad-Hoc|x64.ActiveCfg = Debug|Any CPU
		{2B0B019B-5F05-4603-AFF5-A9D95E42831B}.Ad-Hoc|x64.Build.0 = Debug|Any CPU
		{2B0B019B-5F05-4603-AFF5-A9D95E42831B}.Ad-Hoc|x64.Deploy.0 = Debug|Any CPU
		{2B0B019B-5F05-4603-AFF5-A9D95E42831B}.Ad-Hoc|x86.ActiveCfg = Debug|Any CPU
		{2B0B019B-5F05-4603-AFF5-A9D95E42831B}.Ad-Hoc|x86.Build.0 = Debug|Any CPU
		{2B0B019B-5F05-4603-AFF5-A9D95E42831B}.Ad-Hoc|x86.Deploy.0 = Debug|Any CPU
		{2B0B019B-5F05-4603-AFF5-A9D95E42831B}.AppStore|Any CPU.ActiveCfg = Release|Any CPU
		{2B0B019B-5F05-4603-AFF5-A9D95E42831B}.AppStore|Any CPU.Build.0 = Release|Any CPU
		{2B0B019B-5F05-4603-AFF5-A9D95E42831B}.AppStore|Any CPU.Deploy.0 = Release|Any CPU
		{2B0B019B-5F05-4603-AFF5-A9D95E42831B}.AppStore|ARM.ActiveCfg = Debug|Any CPU
		{2B0B019B-5F05-4603-AFF5-A9D95E42831B}.AppStore|ARM.Build.0 = Debug|Any CPU
		{2B0B019B-5F05-4603-AFF5-A9D95E42831B}.AppStore|ARM.Deploy.0 = Debug|Any CPU
		{2B0B019B-5F05-4603-AFF5-A9D95E42831B}.AppStore|iPhone.ActiveCfg = Release|Any CPU
		{2B0B019B-5F05-4603-AFF5-A9D95E42831B}.AppStore|iPhone.Build.0 = Release|Any CPU
		{2B0B019B-5F05-4603-AFF5-A9D95E42831B}.AppStore|iPhone.Deploy.0 = Release|Any CPU
		{2B0B019B-5F05-4603-AFF5-A9D95E42831B}.AppStore|iPhoneSimulator.ActiveCfg = Release|Any CPU
		{2B0B019B-5F05-4603-AFF5-A9D95E42831B}.AppStore|iPhoneSimulator.Build.0 = Release|Any CPU
		{2B0B019B-5F05-4603-AFF5-A9D95E42831B}.AppStore|iPhoneSimulator.Deploy.0 = Release|Any CPU
		{2B0B019B-5F05-4603-AFF5-A9D95E42831B}.AppStore|x64.ActiveCfg = Debug|Any CPU
		{2B0B019B-5F05-4603-AFF5-A9D95E42831B}.AppStore|x64.Build.0 = Debug|Any CPU
		{2B0B019B-5F05-4603-AFF5-A9D95E42831B}.AppStore|x64.Deploy.0 = Debug|Any CPU
		{2B0B019B-5F05-4603-AFF5-A9D95E42831B}.AppStore|x86.ActiveCfg = Debug|Any CPU
		{2B0B019B-5F05-4603-AFF5-A9D95E42831B}.AppStore|x86.Build.0 = Debug|Any CPU
		{2B0B019B-5F05-4603-AFF5-A9D95E42831B}.AppStore|x86.Deploy.0 = Debug|Any CPU
		{2B0B019B-5F05-4603-AFF5-A9D95E42831B}.Debug|Any CPU.ActiveCfg = Debug|Any CPU
		{2B0B019B-5F05-4603-AFF5-A9D95E42831B}.Debug|Any CPU.Build.0 = Debug|Any CPU
		{2B0B019B-5F05-4603-AFF5-A9D95E42831B}.Debug|Any CPU.Deploy.0 = Debug|Any CPU
		{2B0B019B-5F05-4603-AFF5-A9D95E42831B}.Debug|ARM.ActiveCfg = Debug|Any CPU
		{2B0B019B-5F05-4603-AFF5-A9D95E42831B}.Debug|ARM.Build.0 = Debug|Any CPU
		{2B0B019B-5F05-4603-AFF5-A9D95E42831B}.Debug|ARM.Deploy.0 = Debug|Any CPU
		{2B0B019B-5F05-4603-AFF5-A9D95E42831B}.Debug|iPhone.ActiveCfg = Debug|Any CPU
		{2B0B019B-5F05-4603-AFF5-A9D95E42831B}.Debug|iPhone.Build.0 = Debug|Any CPU
		{2B0B019B-5F05-4603-AFF5-A9D95E42831B}.Debug|iPhone.Deploy.0 = Debug|Any CPU
		{2B0B019B-5F05-4603-AFF5-A9D95E42831B}.Debug|iPhoneSimulator.ActiveCfg = Debug|Any CPU
		{2B0B019B-5F05-4603-AFF5-A9D95E42831B}.Debug|iPhoneSimulator.Build.0 = Debug|Any CPU
		{2B0B019B-5F05-4603-AFF5-A9D95E42831B}.Debug|iPhoneSimulator.Deploy.0 = Debug|Any CPU
		{2B0B019B-5F05-4603-AFF5-A9D95E42831B}.Debug|x64.ActiveCfg = Debug|Any CPU
		{2B0B019B-5F05-4603-AFF5-A9D95E42831B}.Debug|x64.Build.0 = Debug|Any CPU
		{2B0B019B-5F05-4603-AFF5-A9D95E42831B}.Debug|x64.Deploy.0 = Debug|Any CPU
		{2B0B019B-5F05-4603-AFF5-A9D95E42831B}.Debug|x86.ActiveCfg = Debug|Any CPU
		{2B0B019B-5F05-4603-AFF5-A9D95E42831B}.Debug|x86.Build.0 = Debug|Any CPU
		{2B0B019B-5F05-4603-AFF5-A9D95E42831B}.Debug|x86.Deploy.0 = Debug|Any CPU
		{2B0B019B-5F05-4603-AFF5-A9D95E42831B}.Release|Any CPU.ActiveCfg = Release|Any CPU
		{2B0B019B-5F05-4603-AFF5-A9D95E42831B}.Release|Any CPU.Build.0 = Release|Any CPU
		{2B0B019B-5F05-4603-AFF5-A9D95E42831B}.Release|Any CPU.Deploy.0 = Release|Any CPU
		{2B0B019B-5F05-4603-AFF5-A9D95E42831B}.Release|ARM.ActiveCfg = Release|Any CPU
		{2B0B019B-5F05-4603-AFF5-A9D95E42831B}.Release|ARM.Build.0 = Release|Any CPU
		{2B0B019B-5F05-4603-AFF5-A9D95E42831B}.Release|ARM.Deploy.0 = Release|Any CPU
		{2B0B019B-5F05-4603-AFF5-A9D95E42831B}.Release|iPhone.ActiveCfg = Release|Any CPU
		{2B0B019B-5F05-4603-AFF5-A9D95E42831B}.Release|iPhone.Build.0 = Release|Any CPU
		{2B0B019B-5F05-4603-AFF5-A9D95E42831B}.Release|iPhone.Deploy.0 = Release|Any CPU
		{2B0B019B-5F05-4603-AFF5-A9D95E42831B}.Release|iPhoneSimulator.ActiveCfg = Release|Any CPU
		{2B0B019B-5F05-4603-AFF5-A9D95E42831B}.Release|iPhoneSimulator.Build.0 = Release|Any CPU
		{2B0B019B-5F05-4603-AFF5-A9D95E42831B}.Release|iPhoneSimulator.Deploy.0 = Release|Any CPU
		{2B0B019B-5F05-4603-AFF5-A9D95E42831B}.Release|x64.ActiveCfg = Release|Any CPU
		{2B0B019B-5F05-4603-AFF5-A9D95E42831B}.Release|x64.Build.0 = Release|Any CPU
		{2B0B019B-5F05-4603-AFF5-A9D95E42831B}.Release|x64.Deploy.0 = Release|Any CPU
		{2B0B019B-5F05-4603-AFF5-A9D95E42831B}.Release|x86.ActiveCfg = Release|Any CPU
		{2B0B019B-5F05-4603-AFF5-A9D95E42831B}.Release|x86.Build.0 = Release|Any CPU
		{2B0B019B-5F05-4603-AFF5-A9D95E42831B}.Release|x86.Deploy.0 = Release|Any CPU
		{E120EBC9-740C-44B4-876B-FBA57BBB4694}.Ad-Hoc|Any CPU.ActiveCfg = Release|x64
		{E120EBC9-740C-44B4-876B-FBA57BBB4694}.Ad-Hoc|Any CPU.Build.0 = Release|x64
		{E120EBC9-740C-44B4-876B-FBA57BBB4694}.Ad-Hoc|Any CPU.Deploy.0 = Release|x64
		{E120EBC9-740C-44B4-876B-FBA57BBB4694}.Ad-Hoc|ARM.ActiveCfg = Release|ARM
		{E120EBC9-740C-44B4-876B-FBA57BBB4694}.Ad-Hoc|ARM.Build.0 = Release|ARM
		{E120EBC9-740C-44B4-876B-FBA57BBB4694}.Ad-Hoc|ARM.Deploy.0 = Release|ARM
		{E120EBC9-740C-44B4-876B-FBA57BBB4694}.Ad-Hoc|iPhone.ActiveCfg = Release|x64
		{E120EBC9-740C-44B4-876B-FBA57BBB4694}.Ad-Hoc|iPhone.Build.0 = Release|x64
		{E120EBC9-740C-44B4-876B-FBA57BBB4694}.Ad-Hoc|iPhone.Deploy.0 = Release|x64
		{E120EBC9-740C-44B4-876B-FBA57BBB4694}.Ad-Hoc|iPhoneSimulator.ActiveCfg = Release|x64
		{E120EBC9-740C-44B4-876B-FBA57BBB4694}.Ad-Hoc|iPhoneSimulator.Build.0 = Release|x64
		{E120EBC9-740C-44B4-876B-FBA57BBB4694}.Ad-Hoc|iPhoneSimulator.Deploy.0 = Release|x64
		{E120EBC9-740C-44B4-876B-FBA57BBB4694}.Ad-Hoc|x64.ActiveCfg = Release|x64
		{E120EBC9-740C-44B4-876B-FBA57BBB4694}.Ad-Hoc|x64.Build.0 = Release|x64
		{E120EBC9-740C-44B4-876B-FBA57BBB4694}.Ad-Hoc|x64.Deploy.0 = Release|x64
		{E120EBC9-740C-44B4-876B-FBA57BBB4694}.Ad-Hoc|x86.ActiveCfg = Release|x86
		{E120EBC9-740C-44B4-876B-FBA57BBB4694}.Ad-Hoc|x86.Build.0 = Release|x86
		{E120EBC9-740C-44B4-876B-FBA57BBB4694}.Ad-Hoc|x86.Deploy.0 = Release|x86
		{E120EBC9-740C-44B4-876B-FBA57BBB4694}.AppStore|Any CPU.ActiveCfg = Release|x64
		{E120EBC9-740C-44B4-876B-FBA57BBB4694}.AppStore|Any CPU.Build.0 = Release|x64
		{E120EBC9-740C-44B4-876B-FBA57BBB4694}.AppStore|Any CPU.Deploy.0 = Release|x64
		{E120EBC9-740C-44B4-876B-FBA57BBB4694}.AppStore|ARM.ActiveCfg = Release|ARM
		{E120EBC9-740C-44B4-876B-FBA57BBB4694}.AppStore|ARM.Build.0 = Release|ARM
		{E120EBC9-740C-44B4-876B-FBA57BBB4694}.AppStore|ARM.Deploy.0 = Release|ARM
		{E120EBC9-740C-44B4-876B-FBA57BBB4694}.AppStore|iPhone.ActiveCfg = Release|x64
		{E120EBC9-740C-44B4-876B-FBA57BBB4694}.AppStore|iPhone.Build.0 = Release|x64
		{E120EBC9-740C-44B4-876B-FBA57BBB4694}.AppStore|iPhone.Deploy.0 = Release|x64
		{E120EBC9-740C-44B4-876B-FBA57BBB4694}.AppStore|iPhoneSimulator.ActiveCfg = Release|x64
		{E120EBC9-740C-44B4-876B-FBA57BBB4694}.AppStore|iPhoneSimulator.Build.0 = Release|x64
		{E120EBC9-740C-44B4-876B-FBA57BBB4694}.AppStore|iPhoneSimulator.Deploy.0 = Release|x64
		{E120EBC9-740C-44B4-876B-FBA57BBB4694}.AppStore|x64.ActiveCfg = Release|x64
		{E120EBC9-740C-44B4-876B-FBA57BBB4694}.AppStore|x64.Build.0 = Release|x64
		{E120EBC9-740C-44B4-876B-FBA57BBB4694}.AppStore|x64.Deploy.0 = Release|x64
		{E120EBC9-740C-44B4-876B-FBA57BBB4694}.AppStore|x86.ActiveCfg = Release|x86
		{E120EBC9-740C-44B4-876B-FBA57BBB4694}.AppStore|x86.Build.0 = Release|x86
		{E120EBC9-740C-44B4-876B-FBA57BBB4694}.AppStore|x86.Deploy.0 = Release|x86
		{E120EBC9-740C-44B4-876B-FBA57BBB4694}.Debug|Any CPU.ActiveCfg = Debug|x86
		{E120EBC9-740C-44B4-876B-FBA57BBB4694}.Debug|Any CPU.Build.0 = Debug|x86
		{E120EBC9-740C-44B4-876B-FBA57BBB4694}.Debug|Any CPU.Deploy.0 = Debug|x86
		{E120EBC9-740C-44B4-876B-FBA57BBB4694}.Debug|ARM.ActiveCfg = Debug|ARM
		{E120EBC9-740C-44B4-876B-FBA57BBB4694}.Debug|ARM.Build.0 = Debug|ARM
		{E120EBC9-740C-44B4-876B-FBA57BBB4694}.Debug|ARM.Deploy.0 = Debug|ARM
		{E120EBC9-740C-44B4-876B-FBA57BBB4694}.Debug|iPhone.ActiveCfg = Debug|x86
		{E120EBC9-740C-44B4-876B-FBA57BBB4694}.Debug|iPhoneSimulator.ActiveCfg = Debug|x86
		{E120EBC9-740C-44B4-876B-FBA57BBB4694}.Debug|x64.ActiveCfg = Debug|x64
		{E120EBC9-740C-44B4-876B-FBA57BBB4694}.Debug|x64.Build.0 = Debug|x64
		{E120EBC9-740C-44B4-876B-FBA57BBB4694}.Debug|x64.Deploy.0 = Debug|x64
		{E120EBC9-740C-44B4-876B-FBA57BBB4694}.Debug|x86.ActiveCfg = Debug|x86
		{E120EBC9-740C-44B4-876B-FBA57BBB4694}.Debug|x86.Build.0 = Debug|x86
		{E120EBC9-740C-44B4-876B-FBA57BBB4694}.Debug|x86.Deploy.0 = Debug|x86
		{E120EBC9-740C-44B4-876B-FBA57BBB4694}.Release|Any CPU.ActiveCfg = Release|x86
		{E120EBC9-740C-44B4-876B-FBA57BBB4694}.Release|ARM.ActiveCfg = Release|ARM
		{E120EBC9-740C-44B4-876B-FBA57BBB4694}.Release|ARM.Build.0 = Release|ARM
		{E120EBC9-740C-44B4-876B-FBA57BBB4694}.Release|ARM.Deploy.0 = Release|ARM
		{E120EBC9-740C-44B4-876B-FBA57BBB4694}.Release|iPhone.ActiveCfg = Release|x86
		{E120EBC9-740C-44B4-876B-FBA57BBB4694}.Release|iPhoneSimulator.ActiveCfg = Release|x86
		{E120EBC9-740C-44B4-876B-FBA57BBB4694}.Release|x64.ActiveCfg = Release|x64
		{E120EBC9-740C-44B4-876B-FBA57BBB4694}.Release|x64.Build.0 = Release|x64
		{E120EBC9-740C-44B4-876B-FBA57BBB4694}.Release|x64.Deploy.0 = Release|x64
		{E120EBC9-740C-44B4-876B-FBA57BBB4694}.Release|x86.ActiveCfg = Release|x86
		{E120EBC9-740C-44B4-876B-FBA57BBB4694}.Release|x86.Build.0 = Release|x86
		{E120EBC9-740C-44B4-876B-FBA57BBB4694}.Release|x86.Deploy.0 = Release|x86
		{89638605-8C9A-416E-BA0D-1E9C25ECE68B}.Ad-Hoc|Any CPU.ActiveCfg = Release|Any CPU
		{89638605-8C9A-416E-BA0D-1E9C25ECE68B}.Ad-Hoc|Any CPU.Build.0 = Release|Any CPU
		{89638605-8C9A-416E-BA0D-1E9C25ECE68B}.Ad-Hoc|ARM.ActiveCfg = Release|Any CPU
		{89638605-8C9A-416E-BA0D-1E9C25ECE68B}.Ad-Hoc|ARM.Build.0 = Release|Any CPU
		{89638605-8C9A-416E-BA0D-1E9C25ECE68B}.Ad-Hoc|iPhone.ActiveCfg = Release|Any CPU
		{89638605-8C9A-416E-BA0D-1E9C25ECE68B}.Ad-Hoc|iPhone.Build.0 = Release|Any CPU
		{89638605-8C9A-416E-BA0D-1E9C25ECE68B}.Ad-Hoc|iPhoneSimulator.ActiveCfg = Release|Any CPU
		{89638605-8C9A-416E-BA0D-1E9C25ECE68B}.Ad-Hoc|iPhoneSimulator.Build.0 = Release|Any CPU
		{89638605-8C9A-416E-BA0D-1E9C25ECE68B}.Ad-Hoc|x64.ActiveCfg = Release|Any CPU
		{89638605-8C9A-416E-BA0D-1E9C25ECE68B}.Ad-Hoc|x64.Build.0 = Release|Any CPU
		{89638605-8C9A-416E-BA0D-1E9C25ECE68B}.Ad-Hoc|x86.ActiveCfg = Release|Any CPU
		{89638605-8C9A-416E-BA0D-1E9C25ECE68B}.Ad-Hoc|x86.Build.0 = Release|Any CPU
		{89638605-8C9A-416E-BA0D-1E9C25ECE68B}.AppStore|Any CPU.ActiveCfg = Release|Any CPU
		{89638605-8C9A-416E-BA0D-1E9C25ECE68B}.AppStore|Any CPU.Build.0 = Release|Any CPU
		{89638605-8C9A-416E-BA0D-1E9C25ECE68B}.AppStore|ARM.ActiveCfg = Release|Any CPU
		{89638605-8C9A-416E-BA0D-1E9C25ECE68B}.AppStore|ARM.Build.0 = Release|Any CPU
		{89638605-8C9A-416E-BA0D-1E9C25ECE68B}.AppStore|iPhone.ActiveCfg = Release|Any CPU
		{89638605-8C9A-416E-BA0D-1E9C25ECE68B}.AppStore|iPhone.Build.0 = Release|Any CPU
		{89638605-8C9A-416E-BA0D-1E9C25ECE68B}.AppStore|iPhoneSimulator.ActiveCfg = Release|Any CPU
		{89638605-8C9A-416E-BA0D-1E9C25ECE68B}.AppStore|iPhoneSimulator.Build.0 = Release|Any CPU
		{89638605-8C9A-416E-BA0D-1E9C25ECE68B}.AppStore|x64.ActiveCfg = Release|Any CPU
		{89638605-8C9A-416E-BA0D-1E9C25ECE68B}.AppStore|x64.Build.0 = Release|Any CPU
		{89638605-8C9A-416E-BA0D-1E9C25ECE68B}.AppStore|x86.ActiveCfg = Release|Any CPU
		{89638605-8C9A-416E-BA0D-1E9C25ECE68B}.AppStore|x86.Build.0 = Release|Any CPU
		{89638605-8C9A-416E-BA0D-1E9C25ECE68B}.Debug|Any CPU.ActiveCfg = Debug|Any CPU
		{89638605-8C9A-416E-BA0D-1E9C25ECE68B}.Debug|Any CPU.Build.0 = Debug|Any CPU
		{89638605-8C9A-416E-BA0D-1E9C25ECE68B}.Debug|ARM.ActiveCfg = Debug|Any CPU
		{89638605-8C9A-416E-BA0D-1E9C25ECE68B}.Debug|ARM.Build.0 = Debug|Any CPU
		{89638605-8C9A-416E-BA0D-1E9C25ECE68B}.Debug|iPhone.ActiveCfg = Debug|Any CPU
		{89638605-8C9A-416E-BA0D-1E9C25ECE68B}.Debug|iPhone.Build.0 = Debug|Any CPU
		{89638605-8C9A-416E-BA0D-1E9C25ECE68B}.Debug|iPhoneSimulator.ActiveCfg = Debug|Any CPU
		{89638605-8C9A-416E-BA0D-1E9C25ECE68B}.Debug|iPhoneSimulator.Build.0 = Debug|Any CPU
		{89638605-8C9A-416E-BA0D-1E9C25ECE68B}.Debug|x64.ActiveCfg = Debug|Any CPU
		{89638605-8C9A-416E-BA0D-1E9C25ECE68B}.Debug|x64.Build.0 = Debug|Any CPU
		{89638605-8C9A-416E-BA0D-1E9C25ECE68B}.Debug|x86.ActiveCfg = Debug|Any CPU
		{89638605-8C9A-416E-BA0D-1E9C25ECE68B}.Debug|x86.Build.0 = Debug|Any CPU
		{89638605-8C9A-416E-BA0D-1E9C25ECE68B}.Release|Any CPU.ActiveCfg = Release|Any CPU
		{89638605-8C9A-416E-BA0D-1E9C25ECE68B}.Release|Any CPU.Build.0 = Release|Any CPU
		{89638605-8C9A-416E-BA0D-1E9C25ECE68B}.Release|ARM.ActiveCfg = Release|Any CPU
		{89638605-8C9A-416E-BA0D-1E9C25ECE68B}.Release|ARM.Build.0 = Release|Any CPU
		{89638605-8C9A-416E-BA0D-1E9C25ECE68B}.Release|iPhone.ActiveCfg = Release|Any CPU
		{89638605-8C9A-416E-BA0D-1E9C25ECE68B}.Release|iPhone.Build.0 = Release|Any CPU
		{89638605-8C9A-416E-BA0D-1E9C25ECE68B}.Release|iPhoneSimulator.ActiveCfg = Release|Any CPU
		{89638605-8C9A-416E-BA0D-1E9C25ECE68B}.Release|iPhoneSimulator.Build.0 = Release|Any CPU
		{89638605-8C9A-416E-BA0D-1E9C25ECE68B}.Release|x64.ActiveCfg = Release|Any CPU
		{89638605-8C9A-416E-BA0D-1E9C25ECE68B}.Release|x64.Build.0 = Release|Any CPU
		{89638605-8C9A-416E-BA0D-1E9C25ECE68B}.Release|x86.ActiveCfg = Release|Any CPU
		{89638605-8C9A-416E-BA0D-1E9C25ECE68B}.Release|x86.Build.0 = Release|Any CPU
		{DE12B6A8-2F9B-4238-A503-F30075DD534B}.Ad-Hoc|Any CPU.ActiveCfg = Release|Any CPU
		{DE12B6A8-2F9B-4238-A503-F30075DD534B}.Ad-Hoc|Any CPU.Build.0 = Release|Any CPU
		{DE12B6A8-2F9B-4238-A503-F30075DD534B}.Ad-Hoc|ARM.ActiveCfg = Release|Any CPU
		{DE12B6A8-2F9B-4238-A503-F30075DD534B}.Ad-Hoc|ARM.Build.0 = Release|Any CPU
		{DE12B6A8-2F9B-4238-A503-F30075DD534B}.Ad-Hoc|iPhone.ActiveCfg = Release|Any CPU
		{DE12B6A8-2F9B-4238-A503-F30075DD534B}.Ad-Hoc|iPhone.Build.0 = Release|Any CPU
		{DE12B6A8-2F9B-4238-A503-F30075DD534B}.Ad-Hoc|iPhoneSimulator.ActiveCfg = Release|Any CPU
		{DE12B6A8-2F9B-4238-A503-F30075DD534B}.Ad-Hoc|iPhoneSimulator.Build.0 = Release|Any CPU
		{DE12B6A8-2F9B-4238-A503-F30075DD534B}.Ad-Hoc|x64.ActiveCfg = Release|Any CPU
		{DE12B6A8-2F9B-4238-A503-F30075DD534B}.Ad-Hoc|x64.Build.0 = Release|Any CPU
		{DE12B6A8-2F9B-4238-A503-F30075DD534B}.Ad-Hoc|x86.ActiveCfg = Release|Any CPU
		{DE12B6A8-2F9B-4238-A503-F30075DD534B}.Ad-Hoc|x86.Build.0 = Release|Any CPU
		{DE12B6A8-2F9B-4238-A503-F30075DD534B}.AppStore|Any CPU.ActiveCfg = Release|Any CPU
		{DE12B6A8-2F9B-4238-A503-F30075DD534B}.AppStore|Any CPU.Build.0 = Release|Any CPU
		{DE12B6A8-2F9B-4238-A503-F30075DD534B}.AppStore|ARM.ActiveCfg = Release|Any CPU
		{DE12B6A8-2F9B-4238-A503-F30075DD534B}.AppStore|ARM.Build.0 = Release|Any CPU
		{DE12B6A8-2F9B-4238-A503-F30075DD534B}.AppStore|iPhone.ActiveCfg = Release|Any CPU
		{DE12B6A8-2F9B-4238-A503-F30075DD534B}.AppStore|iPhone.Build.0 = Release|Any CPU
		{DE12B6A8-2F9B-4238-A503-F30075DD534B}.AppStore|iPhoneSimulator.ActiveCfg = Release|Any CPU
		{DE12B6A8-2F9B-4238-A503-F30075DD534B}.AppStore|iPhoneSimulator.Build.0 = Release|Any CPU
		{DE12B6A8-2F9B-4238-A503-F30075DD534B}.AppStore|x64.ActiveCfg = Release|Any CPU
		{DE12B6A8-2F9B-4238-A503-F30075DD534B}.AppStore|x64.Build.0 = Release|Any CPU
		{DE12B6A8-2F9B-4238-A503-F30075DD534B}.AppStore|x86.ActiveCfg = Release|Any CPU
		{DE12B6A8-2F9B-4238-A503-F30075DD534B}.AppStore|x86.Build.0 = Release|Any CPU
		{DE12B6A8-2F9B-4238-A503-F30075DD534B}.Debug|Any CPU.ActiveCfg = Debug|Any CPU
		{DE12B6A8-2F9B-4238-A503-F30075DD534B}.Debug|Any CPU.Build.0 = Debug|Any CPU
		{DE12B6A8-2F9B-4238-A503-F30075DD534B}.Debug|ARM.ActiveCfg = Debug|Any CPU
		{DE12B6A8-2F9B-4238-A503-F30075DD534B}.Debug|ARM.Build.0 = Debug|Any CPU
		{DE12B6A8-2F9B-4238-A503-F30075DD534B}.Debug|iPhone.ActiveCfg = Debug|Any CPU
		{DE12B6A8-2F9B-4238-A503-F30075DD534B}.Debug|iPhone.Build.0 = Debug|Any CPU
		{DE12B6A8-2F9B-4238-A503-F30075DD534B}.Debug|iPhoneSimulator.ActiveCfg = Debug|Any CPU
		{DE12B6A8-2F9B-4238-A503-F30075DD534B}.Debug|iPhoneSimulator.Build.0 = Debug|Any CPU
		{DE12B6A8-2F9B-4238-A503-F30075DD534B}.Debug|x64.ActiveCfg = Debug|Any CPU
		{DE12B6A8-2F9B-4238-A503-F30075DD534B}.Debug|x64.Build.0 = Debug|Any CPU
		{DE12B6A8-2F9B-4238-A503-F30075DD534B}.Debug|x86.ActiveCfg = Debug|Any CPU
		{DE12B6A8-2F9B-4238-A503-F30075DD534B}.Debug|x86.Build.0 = Debug|Any CPU
		{DE12B6A8-2F9B-4238-A503-F30075DD534B}.Release|Any CPU.ActiveCfg = Release|Any CPU
		{DE12B6A8-2F9B-4238-A503-F30075DD534B}.Release|Any CPU.Build.0 = Release|Any CPU
		{DE12B6A8-2F9B-4238-A503-F30075DD534B}.Release|ARM.ActiveCfg = Release|Any CPU
		{DE12B6A8-2F9B-4238-A503-F30075DD534B}.Release|ARM.Build.0 = Release|Any CPU
		{DE12B6A8-2F9B-4238-A503-F30075DD534B}.Release|iPhone.ActiveCfg = Release|Any CPU
		{DE12B6A8-2F9B-4238-A503-F30075DD534B}.Release|iPhone.Build.0 = Release|Any CPU
		{DE12B6A8-2F9B-4238-A503-F30075DD534B}.Release|iPhoneSimulator.ActiveCfg = Release|Any CPU
		{DE12B6A8-2F9B-4238-A503-F30075DD534B}.Release|iPhoneSimulator.Build.0 = Release|Any CPU
		{DE12B6A8-2F9B-4238-A503-F30075DD534B}.Release|x64.ActiveCfg = Release|Any CPU
		{DE12B6A8-2F9B-4238-A503-F30075DD534B}.Release|x64.Build.0 = Release|Any CPU
		{DE12B6A8-2F9B-4238-A503-F30075DD534B}.Release|x86.ActiveCfg = Release|Any CPU
		{DE12B6A8-2F9B-4238-A503-F30075DD534B}.Release|x86.Build.0 = Release|Any CPU
		{8614D38D-BAA4-4EFC-8823-32816350EAFF}.Ad-Hoc|Any CPU.ActiveCfg = Release|Any CPU
		{8614D38D-BAA4-4EFC-8823-32816350EAFF}.Ad-Hoc|Any CPU.Build.0 = Release|Any CPU
		{8614D38D-BAA4-4EFC-8823-32816350EAFF}.Ad-Hoc|Any CPU.Deploy.0 = Release|Any CPU
		{8614D38D-BAA4-4EFC-8823-32816350EAFF}.Ad-Hoc|ARM.ActiveCfg = Release|Any CPU
		{8614D38D-BAA4-4EFC-8823-32816350EAFF}.Ad-Hoc|ARM.Build.0 = Release|Any CPU
		{8614D38D-BAA4-4EFC-8823-32816350EAFF}.Ad-Hoc|ARM.Deploy.0 = Release|Any CPU
		{8614D38D-BAA4-4EFC-8823-32816350EAFF}.Ad-Hoc|iPhone.ActiveCfg = Release|Any CPU
		{8614D38D-BAA4-4EFC-8823-32816350EAFF}.Ad-Hoc|iPhone.Build.0 = Release|Any CPU
		{8614D38D-BAA4-4EFC-8823-32816350EAFF}.Ad-Hoc|iPhone.Deploy.0 = Release|Any CPU
		{8614D38D-BAA4-4EFC-8823-32816350EAFF}.Ad-Hoc|iPhoneSimulator.ActiveCfg = Release|Any CPU
		{8614D38D-BAA4-4EFC-8823-32816350EAFF}.Ad-Hoc|iPhoneSimulator.Build.0 = Release|Any CPU
		{8614D38D-BAA4-4EFC-8823-32816350EAFF}.Ad-Hoc|iPhoneSimulator.Deploy.0 = Release|Any CPU
		{8614D38D-BAA4-4EFC-8823-32816350EAFF}.Ad-Hoc|x64.ActiveCfg = Release|Any CPU
		{8614D38D-BAA4-4EFC-8823-32816350EAFF}.Ad-Hoc|x64.Build.0 = Release|Any CPU
		{8614D38D-BAA4-4EFC-8823-32816350EAFF}.Ad-Hoc|x64.Deploy.0 = Release|Any CPU
		{8614D38D-BAA4-4EFC-8823-32816350EAFF}.Ad-Hoc|x86.ActiveCfg = Release|Any CPU
		{8614D38D-BAA4-4EFC-8823-32816350EAFF}.Ad-Hoc|x86.Build.0 = Release|Any CPU
		{8614D38D-BAA4-4EFC-8823-32816350EAFF}.Ad-Hoc|x86.Deploy.0 = Release|Any CPU
		{8614D38D-BAA4-4EFC-8823-32816350EAFF}.AppStore|Any CPU.ActiveCfg = Release|Any CPU
		{8614D38D-BAA4-4EFC-8823-32816350EAFF}.AppStore|Any CPU.Build.0 = Release|Any CPU
		{8614D38D-BAA4-4EFC-8823-32816350EAFF}.AppStore|Any CPU.Deploy.0 = Release|Any CPU
		{8614D38D-BAA4-4EFC-8823-32816350EAFF}.AppStore|ARM.ActiveCfg = Release|Any CPU
		{8614D38D-BAA4-4EFC-8823-32816350EAFF}.AppStore|ARM.Build.0 = Release|Any CPU
		{8614D38D-BAA4-4EFC-8823-32816350EAFF}.AppStore|ARM.Deploy.0 = Release|Any CPU
		{8614D38D-BAA4-4EFC-8823-32816350EAFF}.AppStore|iPhone.ActiveCfg = Release|Any CPU
		{8614D38D-BAA4-4EFC-8823-32816350EAFF}.AppStore|iPhone.Build.0 = Release|Any CPU
		{8614D38D-BAA4-4EFC-8823-32816350EAFF}.AppStore|iPhone.Deploy.0 = Release|Any CPU
		{8614D38D-BAA4-4EFC-8823-32816350EAFF}.AppStore|iPhoneSimulator.ActiveCfg = Release|Any CPU
		{8614D38D-BAA4-4EFC-8823-32816350EAFF}.AppStore|iPhoneSimulator.Build.0 = Release|Any CPU
		{8614D38D-BAA4-4EFC-8823-32816350EAFF}.AppStore|iPhoneSimulator.Deploy.0 = Release|Any CPU
		{8614D38D-BAA4-4EFC-8823-32816350EAFF}.AppStore|x64.ActiveCfg = Release|Any CPU
		{8614D38D-BAA4-4EFC-8823-32816350EAFF}.AppStore|x64.Build.0 = Release|Any CPU
		{8614D38D-BAA4-4EFC-8823-32816350EAFF}.AppStore|x64.Deploy.0 = Release|Any CPU
		{8614D38D-BAA4-4EFC-8823-32816350EAFF}.AppStore|x86.ActiveCfg = Release|Any CPU
		{8614D38D-BAA4-4EFC-8823-32816350EAFF}.AppStore|x86.Build.0 = Release|Any CPU
		{8614D38D-BAA4-4EFC-8823-32816350EAFF}.AppStore|x86.Deploy.0 = Release|Any CPU
		{8614D38D-BAA4-4EFC-8823-32816350EAFF}.Debug|Any CPU.ActiveCfg = Debug|Any CPU
		{8614D38D-BAA4-4EFC-8823-32816350EAFF}.Debug|Any CPU.Build.0 = Debug|Any CPU
		{8614D38D-BAA4-4EFC-8823-32816350EAFF}.Debug|Any CPU.Deploy.0 = Debug|Any CPU
		{8614D38D-BAA4-4EFC-8823-32816350EAFF}.Debug|ARM.ActiveCfg = Debug|Any CPU
		{8614D38D-BAA4-4EFC-8823-32816350EAFF}.Debug|ARM.Build.0 = Debug|Any CPU
		{8614D38D-BAA4-4EFC-8823-32816350EAFF}.Debug|ARM.Deploy.0 = Debug|Any CPU
		{8614D38D-BAA4-4EFC-8823-32816350EAFF}.Debug|iPhone.ActiveCfg = Debug|Any CPU
		{8614D38D-BAA4-4EFC-8823-32816350EAFF}.Debug|iPhone.Build.0 = Debug|Any CPU
		{8614D38D-BAA4-4EFC-8823-32816350EAFF}.Debug|iPhone.Deploy.0 = Debug|Any CPU
		{8614D38D-BAA4-4EFC-8823-32816350EAFF}.Debug|iPhoneSimulator.ActiveCfg = Debug|Any CPU
		{8614D38D-BAA4-4EFC-8823-32816350EAFF}.Debug|iPhoneSimulator.Build.0 = Debug|Any CPU
		{8614D38D-BAA4-4EFC-8823-32816350EAFF}.Debug|iPhoneSimulator.Deploy.0 = Debug|Any CPU
		{8614D38D-BAA4-4EFC-8823-32816350EAFF}.Debug|x64.ActiveCfg = Debug|Any CPU
		{8614D38D-BAA4-4EFC-8823-32816350EAFF}.Debug|x64.Build.0 = Debug|Any CPU
		{8614D38D-BAA4-4EFC-8823-32816350EAFF}.Debug|x64.Deploy.0 = Debug|Any CPU
		{8614D38D-BAA4-4EFC-8823-32816350EAFF}.Debug|x86.ActiveCfg = Debug|Any CPU
		{8614D38D-BAA4-4EFC-8823-32816350EAFF}.Debug|x86.Build.0 = Debug|Any CPU
		{8614D38D-BAA4-4EFC-8823-32816350EAFF}.Debug|x86.Deploy.0 = Debug|Any CPU
		{8614D38D-BAA4-4EFC-8823-32816350EAFF}.Release|Any CPU.ActiveCfg = Release|Any CPU
		{8614D38D-BAA4-4EFC-8823-32816350EAFF}.Release|Any CPU.Build.0 = Release|Any CPU
		{8614D38D-BAA4-4EFC-8823-32816350EAFF}.Release|Any CPU.Deploy.0 = Release|Any CPU
		{8614D38D-BAA4-4EFC-8823-32816350EAFF}.Release|ARM.ActiveCfg = Release|Any CPU
		{8614D38D-BAA4-4EFC-8823-32816350EAFF}.Release|ARM.Build.0 = Release|Any CPU
		{8614D38D-BAA4-4EFC-8823-32816350EAFF}.Release|ARM.Deploy.0 = Release|Any CPU
		{8614D38D-BAA4-4EFC-8823-32816350EAFF}.Release|iPhone.ActiveCfg = Release|Any CPU
		{8614D38D-BAA4-4EFC-8823-32816350EAFF}.Release|iPhone.Build.0 = Release|Any CPU
		{8614D38D-BAA4-4EFC-8823-32816350EAFF}.Release|iPhone.Deploy.0 = Release|Any CPU
		{8614D38D-BAA4-4EFC-8823-32816350EAFF}.Release|iPhoneSimulator.ActiveCfg = Release|Any CPU
		{8614D38D-BAA4-4EFC-8823-32816350EAFF}.Release|iPhoneSimulator.Build.0 = Release|Any CPU
		{8614D38D-BAA4-4EFC-8823-32816350EAFF}.Release|iPhoneSimulator.Deploy.0 = Release|Any CPU
		{8614D38D-BAA4-4EFC-8823-32816350EAFF}.Release|x64.ActiveCfg = Release|Any CPU
		{8614D38D-BAA4-4EFC-8823-32816350EAFF}.Release|x64.Build.0 = Release|Any CPU
		{8614D38D-BAA4-4EFC-8823-32816350EAFF}.Release|x64.Deploy.0 = Release|Any CPU
		{8614D38D-BAA4-4EFC-8823-32816350EAFF}.Release|x86.ActiveCfg = Release|Any CPU
		{8614D38D-BAA4-4EFC-8823-32816350EAFF}.Release|x86.Build.0 = Release|Any CPU
		{8614D38D-BAA4-4EFC-8823-32816350EAFF}.Release|x86.Deploy.0 = Release|Any CPU
		{E8F1641D-77E6-4681-8D98-87F5DB70ACA2}.Ad-Hoc|Any CPU.ActiveCfg = Release|Any CPU
		{E8F1641D-77E6-4681-8D98-87F5DB70ACA2}.Ad-Hoc|Any CPU.Build.0 = Release|Any CPU
		{E8F1641D-77E6-4681-8D98-87F5DB70ACA2}.Ad-Hoc|Any CPU.Deploy.0 = Release|Any CPU
		{E8F1641D-77E6-4681-8D98-87F5DB70ACA2}.Ad-Hoc|ARM.ActiveCfg = Release|Any CPU
		{E8F1641D-77E6-4681-8D98-87F5DB70ACA2}.Ad-Hoc|ARM.Build.0 = Release|Any CPU
		{E8F1641D-77E6-4681-8D98-87F5DB70ACA2}.Ad-Hoc|ARM.Deploy.0 = Release|Any CPU
		{E8F1641D-77E6-4681-8D98-87F5DB70ACA2}.Ad-Hoc|iPhone.ActiveCfg = Release|Any CPU
		{E8F1641D-77E6-4681-8D98-87F5DB70ACA2}.Ad-Hoc|iPhone.Build.0 = Release|Any CPU
		{E8F1641D-77E6-4681-8D98-87F5DB70ACA2}.Ad-Hoc|iPhone.Deploy.0 = Release|Any CPU
		{E8F1641D-77E6-4681-8D98-87F5DB70ACA2}.Ad-Hoc|iPhoneSimulator.ActiveCfg = Release|Any CPU
		{E8F1641D-77E6-4681-8D98-87F5DB70ACA2}.Ad-Hoc|iPhoneSimulator.Build.0 = Release|Any CPU
		{E8F1641D-77E6-4681-8D98-87F5DB70ACA2}.Ad-Hoc|iPhoneSimulator.Deploy.0 = Release|Any CPU
		{E8F1641D-77E6-4681-8D98-87F5DB70ACA2}.Ad-Hoc|x64.ActiveCfg = Release|Any CPU
		{E8F1641D-77E6-4681-8D98-87F5DB70ACA2}.Ad-Hoc|x64.Build.0 = Release|Any CPU
		{E8F1641D-77E6-4681-8D98-87F5DB70ACA2}.Ad-Hoc|x64.Deploy.0 = Release|Any CPU
		{E8F1641D-77E6-4681-8D98-87F5DB70ACA2}.Ad-Hoc|x86.ActiveCfg = Release|Any CPU
		{E8F1641D-77E6-4681-8D98-87F5DB70ACA2}.Ad-Hoc|x86.Build.0 = Release|Any CPU
		{E8F1641D-77E6-4681-8D98-87F5DB70ACA2}.Ad-Hoc|x86.Deploy.0 = Release|Any CPU
		{E8F1641D-77E6-4681-8D98-87F5DB70ACA2}.AppStore|Any CPU.ActiveCfg = Release|Any CPU
		{E8F1641D-77E6-4681-8D98-87F5DB70ACA2}.AppStore|Any CPU.Build.0 = Release|Any CPU
		{E8F1641D-77E6-4681-8D98-87F5DB70ACA2}.AppStore|Any CPU.Deploy.0 = Release|Any CPU
		{E8F1641D-77E6-4681-8D98-87F5DB70ACA2}.AppStore|ARM.ActiveCfg = Release|Any CPU
		{E8F1641D-77E6-4681-8D98-87F5DB70ACA2}.AppStore|ARM.Build.0 = Release|Any CPU
		{E8F1641D-77E6-4681-8D98-87F5DB70ACA2}.AppStore|ARM.Deploy.0 = Release|Any CPU
		{E8F1641D-77E6-4681-8D98-87F5DB70ACA2}.AppStore|iPhone.ActiveCfg = Release|Any CPU
		{E8F1641D-77E6-4681-8D98-87F5DB70ACA2}.AppStore|iPhone.Build.0 = Release|Any CPU
		{E8F1641D-77E6-4681-8D98-87F5DB70ACA2}.AppStore|iPhone.Deploy.0 = Release|Any CPU
		{E8F1641D-77E6-4681-8D98-87F5DB70ACA2}.AppStore|iPhoneSimulator.ActiveCfg = Release|Any CPU
		{E8F1641D-77E6-4681-8D98-87F5DB70ACA2}.AppStore|iPhoneSimulator.Build.0 = Release|Any CPU
		{E8F1641D-77E6-4681-8D98-87F5DB70ACA2}.AppStore|iPhoneSimulator.Deploy.0 = Release|Any CPU
		{E8F1641D-77E6-4681-8D98-87F5DB70ACA2}.AppStore|x64.ActiveCfg = Release|Any CPU
		{E8F1641D-77E6-4681-8D98-87F5DB70ACA2}.AppStore|x64.Build.0 = Release|Any CPU
		{E8F1641D-77E6-4681-8D98-87F5DB70ACA2}.AppStore|x64.Deploy.0 = Release|Any CPU
		{E8F1641D-77E6-4681-8D98-87F5DB70ACA2}.AppStore|x86.ActiveCfg = Release|Any CPU
		{E8F1641D-77E6-4681-8D98-87F5DB70ACA2}.AppStore|x86.Build.0 = Release|Any CPU
		{E8F1641D-77E6-4681-8D98-87F5DB70ACA2}.AppStore|x86.Deploy.0 = Release|Any CPU
		{E8F1641D-77E6-4681-8D98-87F5DB70ACA2}.Debug|Any CPU.ActiveCfg = Debug|Any CPU
		{E8F1641D-77E6-4681-8D98-87F5DB70ACA2}.Debug|Any CPU.Build.0 = Debug|Any CPU
		{E8F1641D-77E6-4681-8D98-87F5DB70ACA2}.Debug|Any CPU.Deploy.0 = Debug|Any CPU
		{E8F1641D-77E6-4681-8D98-87F5DB70ACA2}.Debug|ARM.ActiveCfg = Debug|Any CPU
		{E8F1641D-77E6-4681-8D98-87F5DB70ACA2}.Debug|ARM.Build.0 = Debug|Any CPU
		{E8F1641D-77E6-4681-8D98-87F5DB70ACA2}.Debug|ARM.Deploy.0 = Debug|Any CPU
		{E8F1641D-77E6-4681-8D98-87F5DB70ACA2}.Debug|iPhone.ActiveCfg = Debug|Any CPU
		{E8F1641D-77E6-4681-8D98-87F5DB70ACA2}.Debug|iPhone.Build.0 = Debug|Any CPU
		{E8F1641D-77E6-4681-8D98-87F5DB70ACA2}.Debug|iPhone.Deploy.0 = Debug|Any CPU
		{E8F1641D-77E6-4681-8D98-87F5DB70ACA2}.Debug|iPhoneSimulator.ActiveCfg = Debug|Any CPU
		{E8F1641D-77E6-4681-8D98-87F5DB70ACA2}.Debug|iPhoneSimulator.Build.0 = Debug|Any CPU
		{E8F1641D-77E6-4681-8D98-87F5DB70ACA2}.Debug|iPhoneSimulator.Deploy.0 = Debug|Any CPU
		{E8F1641D-77E6-4681-8D98-87F5DB70ACA2}.Debug|x64.ActiveCfg = Debug|Any CPU
		{E8F1641D-77E6-4681-8D98-87F5DB70ACA2}.Debug|x64.Build.0 = Debug|Any CPU
		{E8F1641D-77E6-4681-8D98-87F5DB70ACA2}.Debug|x64.Deploy.0 = Debug|Any CPU
		{E8F1641D-77E6-4681-8D98-87F5DB70ACA2}.Debug|x86.ActiveCfg = Debug|Any CPU
		{E8F1641D-77E6-4681-8D98-87F5DB70ACA2}.Debug|x86.Build.0 = Debug|Any CPU
		{E8F1641D-77E6-4681-8D98-87F5DB70ACA2}.Debug|x86.Deploy.0 = Debug|Any CPU
		{E8F1641D-77E6-4681-8D98-87F5DB70ACA2}.Release|Any CPU.ActiveCfg = Release|Any CPU
		{E8F1641D-77E6-4681-8D98-87F5DB70ACA2}.Release|Any CPU.Build.0 = Release|Any CPU
		{E8F1641D-77E6-4681-8D98-87F5DB70ACA2}.Release|Any CPU.Deploy.0 = Release|Any CPU
		{E8F1641D-77E6-4681-8D98-87F5DB70ACA2}.Release|ARM.ActiveCfg = Release|Any CPU
		{E8F1641D-77E6-4681-8D98-87F5DB70ACA2}.Release|ARM.Build.0 = Release|Any CPU
		{E8F1641D-77E6-4681-8D98-87F5DB70ACA2}.Release|ARM.Deploy.0 = Release|Any CPU
		{E8F1641D-77E6-4681-8D98-87F5DB70ACA2}.Release|iPhone.ActiveCfg = Release|Any CPU
		{E8F1641D-77E6-4681-8D98-87F5DB70ACA2}.Release|iPhone.Build.0 = Release|Any CPU
		{E8F1641D-77E6-4681-8D98-87F5DB70ACA2}.Release|iPhone.Deploy.0 = Release|Any CPU
		{E8F1641D-77E6-4681-8D98-87F5DB70ACA2}.Release|iPhoneSimulator.ActiveCfg = Release|Any CPU
		{E8F1641D-77E6-4681-8D98-87F5DB70ACA2}.Release|iPhoneSimulator.Build.0 = Release|Any CPU
		{E8F1641D-77E6-4681-8D98-87F5DB70ACA2}.Release|iPhoneSimulator.Deploy.0 = Release|Any CPU
		{E8F1641D-77E6-4681-8D98-87F5DB70ACA2}.Release|x64.ActiveCfg = Release|Any CPU
		{E8F1641D-77E6-4681-8D98-87F5DB70ACA2}.Release|x64.Build.0 = Release|Any CPU
		{E8F1641D-77E6-4681-8D98-87F5DB70ACA2}.Release|x64.Deploy.0 = Release|Any CPU
		{E8F1641D-77E6-4681-8D98-87F5DB70ACA2}.Release|x86.ActiveCfg = Release|Any CPU
		{E8F1641D-77E6-4681-8D98-87F5DB70ACA2}.Release|x86.Build.0 = Release|Any CPU
		{E8F1641D-77E6-4681-8D98-87F5DB70ACA2}.Release|x86.Deploy.0 = Release|Any CPU
		{9388D3A3-CC00-42D0-A4ED-214BD000C0C3}.Ad-Hoc|Any CPU.ActiveCfg = Release|x64
		{9388D3A3-CC00-42D0-A4ED-214BD000C0C3}.Ad-Hoc|Any CPU.Build.0 = Release|x64
		{9388D3A3-CC00-42D0-A4ED-214BD000C0C3}.Ad-Hoc|Any CPU.Deploy.0 = Release|x64
		{9388D3A3-CC00-42D0-A4ED-214BD000C0C3}.Ad-Hoc|ARM.ActiveCfg = Release|ARM
		{9388D3A3-CC00-42D0-A4ED-214BD000C0C3}.Ad-Hoc|ARM.Build.0 = Release|ARM
		{9388D3A3-CC00-42D0-A4ED-214BD000C0C3}.Ad-Hoc|ARM.Deploy.0 = Release|ARM
		{9388D3A3-CC00-42D0-A4ED-214BD000C0C3}.Ad-Hoc|iPhone.ActiveCfg = Release|x64
		{9388D3A3-CC00-42D0-A4ED-214BD000C0C3}.Ad-Hoc|iPhone.Build.0 = Release|x64
		{9388D3A3-CC00-42D0-A4ED-214BD000C0C3}.Ad-Hoc|iPhone.Deploy.0 = Release|x64
		{9388D3A3-CC00-42D0-A4ED-214BD000C0C3}.Ad-Hoc|iPhoneSimulator.ActiveCfg = Release|x64
		{9388D3A3-CC00-42D0-A4ED-214BD000C0C3}.Ad-Hoc|iPhoneSimulator.Build.0 = Release|x64
		{9388D3A3-CC00-42D0-A4ED-214BD000C0C3}.Ad-Hoc|iPhoneSimulator.Deploy.0 = Release|x64
		{9388D3A3-CC00-42D0-A4ED-214BD000C0C3}.Ad-Hoc|x64.ActiveCfg = Release|x64
		{9388D3A3-CC00-42D0-A4ED-214BD000C0C3}.Ad-Hoc|x64.Build.0 = Release|x64
		{9388D3A3-CC00-42D0-A4ED-214BD000C0C3}.Ad-Hoc|x64.Deploy.0 = Release|x64
		{9388D3A3-CC00-42D0-A4ED-214BD000C0C3}.Ad-Hoc|x86.ActiveCfg = Release|x86
		{9388D3A3-CC00-42D0-A4ED-214BD000C0C3}.Ad-Hoc|x86.Build.0 = Release|x86
		{9388D3A3-CC00-42D0-A4ED-214BD000C0C3}.Ad-Hoc|x86.Deploy.0 = Release|x86
		{9388D3A3-CC00-42D0-A4ED-214BD000C0C3}.AppStore|Any CPU.ActiveCfg = Release|x64
		{9388D3A3-CC00-42D0-A4ED-214BD000C0C3}.AppStore|Any CPU.Build.0 = Release|x64
		{9388D3A3-CC00-42D0-A4ED-214BD000C0C3}.AppStore|Any CPU.Deploy.0 = Release|x64
		{9388D3A3-CC00-42D0-A4ED-214BD000C0C3}.AppStore|ARM.ActiveCfg = Release|ARM
		{9388D3A3-CC00-42D0-A4ED-214BD000C0C3}.AppStore|ARM.Build.0 = Release|ARM
		{9388D3A3-CC00-42D0-A4ED-214BD000C0C3}.AppStore|ARM.Deploy.0 = Release|ARM
		{9388D3A3-CC00-42D0-A4ED-214BD000C0C3}.AppStore|iPhone.ActiveCfg = Release|x64
		{9388D3A3-CC00-42D0-A4ED-214BD000C0C3}.AppStore|iPhone.Build.0 = Release|x64
		{9388D3A3-CC00-42D0-A4ED-214BD000C0C3}.AppStore|iPhone.Deploy.0 = Release|x64
		{9388D3A3-CC00-42D0-A4ED-214BD000C0C3}.AppStore|iPhoneSimulator.ActiveCfg = Release|x64
		{9388D3A3-CC00-42D0-A4ED-214BD000C0C3}.AppStore|iPhoneSimulator.Build.0 = Release|x64
		{9388D3A3-CC00-42D0-A4ED-214BD000C0C3}.AppStore|iPhoneSimulator.Deploy.0 = Release|x64
		{9388D3A3-CC00-42D0-A4ED-214BD000C0C3}.AppStore|x64.ActiveCfg = Release|x64
		{9388D3A3-CC00-42D0-A4ED-214BD000C0C3}.AppStore|x64.Build.0 = Release|x64
		{9388D3A3-CC00-42D0-A4ED-214BD000C0C3}.AppStore|x64.Deploy.0 = Release|x64
		{9388D3A3-CC00-42D0-A4ED-214BD000C0C3}.AppStore|x86.ActiveCfg = Release|x86
		{9388D3A3-CC00-42D0-A4ED-214BD000C0C3}.AppStore|x86.Build.0 = Release|x86
		{9388D3A3-CC00-42D0-A4ED-214BD000C0C3}.AppStore|x86.Deploy.0 = Release|x86
		{9388D3A3-CC00-42D0-A4ED-214BD000C0C3}.Debug|Any CPU.ActiveCfg = Debug|x86
		{9388D3A3-CC00-42D0-A4ED-214BD000C0C3}.Debug|Any CPU.Build.0 = Debug|x86
		{9388D3A3-CC00-42D0-A4ED-214BD000C0C3}.Debug|Any CPU.Deploy.0 = Debug|x86
		{9388D3A3-CC00-42D0-A4ED-214BD000C0C3}.Debug|ARM.ActiveCfg = Debug|ARM
		{9388D3A3-CC00-42D0-A4ED-214BD000C0C3}.Debug|ARM.Build.0 = Debug|ARM
		{9388D3A3-CC00-42D0-A4ED-214BD000C0C3}.Debug|ARM.Deploy.0 = Debug|ARM
		{9388D3A3-CC00-42D0-A4ED-214BD000C0C3}.Debug|iPhone.ActiveCfg = Debug|x86
		{9388D3A3-CC00-42D0-A4ED-214BD000C0C3}.Debug|iPhoneSimulator.ActiveCfg = Debug|x86
		{9388D3A3-CC00-42D0-A4ED-214BD000C0C3}.Debug|x64.ActiveCfg = Debug|x64
		{9388D3A3-CC00-42D0-A4ED-214BD000C0C3}.Debug|x64.Build.0 = Debug|x64
		{9388D3A3-CC00-42D0-A4ED-214BD000C0C3}.Debug|x64.Deploy.0 = Debug|x64
		{9388D3A3-CC00-42D0-A4ED-214BD000C0C3}.Debug|x86.ActiveCfg = Debug|x86
		{9388D3A3-CC00-42D0-A4ED-214BD000C0C3}.Debug|x86.Build.0 = Debug|x86
		{9388D3A3-CC00-42D0-A4ED-214BD000C0C3}.Debug|x86.Deploy.0 = Debug|x86
		{9388D3A3-CC00-42D0-A4ED-214BD000C0C3}.Release|Any CPU.ActiveCfg = Release|x86
		{9388D3A3-CC00-42D0-A4ED-214BD000C0C3}.Release|ARM.ActiveCfg = Release|ARM
		{9388D3A3-CC00-42D0-A4ED-214BD000C0C3}.Release|ARM.Build.0 = Release|ARM
		{9388D3A3-CC00-42D0-A4ED-214BD000C0C3}.Release|ARM.Deploy.0 = Release|ARM
		{9388D3A3-CC00-42D0-A4ED-214BD000C0C3}.Release|iPhone.ActiveCfg = Release|x86
		{9388D3A3-CC00-42D0-A4ED-214BD000C0C3}.Release|iPhoneSimulator.ActiveCfg = Release|x86
		{9388D3A3-CC00-42D0-A4ED-214BD000C0C3}.Release|x64.ActiveCfg = Release|x64
		{9388D3A3-CC00-42D0-A4ED-214BD000C0C3}.Release|x64.Build.0 = Release|x64
		{9388D3A3-CC00-42D0-A4ED-214BD000C0C3}.Release|x64.Deploy.0 = Release|x64
		{9388D3A3-CC00-42D0-A4ED-214BD000C0C3}.Release|x86.ActiveCfg = Release|x86
		{9388D3A3-CC00-42D0-A4ED-214BD000C0C3}.Release|x86.Build.0 = Release|x86
		{9388D3A3-CC00-42D0-A4ED-214BD000C0C3}.Release|x86.Deploy.0 = Release|x86
	EndGlobalSection
	GlobalSection(SolutionProperties) = preSolution
		HideSolutionNode = FALSE
	EndGlobalSection
EndGlobal
